{
  "version": 4,
  "terraform_version": "1.12.2",
  "serial": 240,
  "lineage": "2777f77e-b403-becf-3a13-1aa44df826be",
  "outputs": {
    "cluster_certificate_authority_data": {
      "value": "LS0tLS1CRUdJTiBDRVJUSUZJQ0FURS0tLS0tCk1JSURCVENDQWUyZ0F3SUJBZ0lJQzdmVkVnSHJLMEl3RFFZSktvWklodmNOQVFFTEJRQXdGVEVUTUJFR0ExVUUKQXhNS2EzVmlaWEp1WlhSbGN6QWVGdzB5TlRFd01EUXdNakE1TlRkYUZ3MHpOVEV3TURJd01qRTBOVGRhTUJVeApFekFSQmdOVkJBTVRDbXQxWW1WeWJtVjBaWE13Z2dFaU1BMEdDU3FHU0liM0RRRUJBUVVBQTRJQkR3QXdnZ0VLCkFvSUJBUUR1Slljb1YrQ1RwOVU3VFF2dHpsYmZZU1lnQ3p2TENtM2ZteXd3NDB0Mng4TGo3OG5hZ2xMVDNsWjgKaDNrQnBucDhLcExEYmI4V1RSekp1bml3UXVabDVnd3RkTi92Sm04UlNJbHFtckZuMG11UlcyV1Q1RlM0UU5XVgpIb2ZzYk9VS2x1a1Vsd21ZZUJyL1lQNjJvcDE2OFc2U2dsdDdUTFR2S3NsU0NScGRWWVR5THFIOTVBSGVwbnFSCmJLZ2MwWERKOFJaR0djWDEyOWdrbnltVlM1NkxWc2ZYcmY5VnB3K3MvSUxJaURwSEozdmZIYTh6eWpLNUV6ajgKcWtEL1Bzc2M4MHA0aklQOFFVTHBsNmJPcU5xNTVFcWNocVpRaFphQU0wZHlDcmhYVnBpM2tsSnU5MGRWb0pjVwpvRFhudElneHVlK0I4K2FycjF0SXlTV00xanBIQWdNQkFBR2pXVEJYTUE0R0ExVWREd0VCL3dRRUF3SUNwREFQCkJnTlZIUk1CQWY4RUJUQURBUUgvTUIwR0ExVWREZ1FXQkJRZlFkbjg0ZGo2S1c4Sy9jZHo0cDBuYjNVeENqQVYKQmdOVkhSRUVEakFNZ2dwcmRXSmxjbTVsZEdWek1BMEdDU3FHU0liM0RRRUJDd1VBQTRJQkFRQk9LVVVQTlB3bgp4OFBHa3NKRXhPVHREZWJ2dVdXWTNwMkZoSnRKVGhnRVQrY2tGMm8rUXk4Q25WSUpaSmdvZ0pDSDFjdzB2RDZuCnJDL1lnZkZDeWJoY0dhOGlRdTQwbXBhMzhDRnpUNVRETExHTHY1R2FwR0hiRVBKNThRTm05YmZxdHdSSUp5TVgKbkROWHJTdW9RM3pJZHpvS29UdlpQKzk5QllPRDVVRXB0NndCUjNBalArT1k1aFQvazI3SjdqbHRQR1dRRVFlYgoxbjlKdHRZY2F4UzU1b2V1cFljZDVObHgxWjc4a0FmU0I4bmh2TXpVaEx5emo0WHVGemlMMld1RDREc0xIMFRuCmtTZ0phVmpuVWZnQkNMaXpiazRWNkpDazRnY1hTOTUxejhwTElGZUxzRVBBcFF6RGFUNUplVTc5cGE3bFNHaEUKNEtWT0N3a1g1V1BOCi0tLS0tRU5EIENFUlRJRklDQVRFLS0tLS0K",
      "type": "string"
    },
    "cluster_endpoint": {
      "value": "https://20C6E72CB2380C83AEDB0FE7EF781450.gr7.us-east-1.eks.amazonaws.com",
      "type": "string"
    },
    "cluster_iam_role_arn": {
      "value": "arn:aws:iam::285654864320:role/LabRole",
      "type": "string"
    },
    "cluster_iam_role_name": {
      "value": "LabRole",
      "type": "string"
    },
    "cluster_name": {
      "value": "orderflow-dev",
      "type": "string"
    },
    "cluster_oidc_issuer_url": {
      "value": "https://oidc.eks.us-east-1.amazonaws.com/id/20C6E72CB2380C83AEDB0FE7EF781450",
      "type": "string"
    },
    "cluster_security_group_id": {
      "value": "sg-02188b19e88d4cde8",
      "type": "string"
    },
    "eks_node_key_pair_name": {
      "value": "orderflow-eks-nodes",
      "type": "string"
    },
    "eks_node_private_key": {
      "value": "-----BEGIN RSA PRIVATE KEY-----\nMIIJKQIBAAKCAgEA02qFA1tBS+pj7M/+MNKjIiuMN4lZtmkvfjWcaEhlhOJb2ls4\nZzSO8B+v4L9Pl+U6CWSlrDa7EYMxEOj138mOXQVr3rg4CCuHnRAA6tlWrF8uitX9\ndIfT4x6kQx1/2C1p6VLNGrAaexNjerRPte5ZCTvEZ6Pmtu+Mzi2wN4fVmLkilVtt\nARGFPIG4bDBSXQqMY8m7n0vB4sXk8GukJaUUgkl7NbMc+iUUW00/eNog2zHDvVEK\nFIvVeBd7eHRLf5hJCEjYDkUJYYKNjRN/EGool96r+6aUmBy5AuAfJbEYWLAzCnEz\n3e3nZOR7QEuq98/bLRl1HtLlX4vOsWloFnIvL4UTu06vhSlvvJwFL2vhLbW4Yi4Z\nliEngrHjCJq6Qf2YLYidMbe8YY0+HoPEat3ZZtd81NT7mO3BXe0Ck+4KZ40g5Pvi\nd4fH+6ojNasXcLas6nus7mbx7DvaX/JlaVTSUcJMKArbfyF/Xqd4bW5TXTGOoWN0\n+47rFEytqLEoVrVuGPOAn1NhW2or35oRMexROFshjtfgIfH/+OsI36pyJrKeoraR\n4xZmgI1kLs5Vfy0nupf0GVWnqMeqWzPPazLkyry1tBhzyCoS3OX0g5mSQWf0nMhF\n50dAGtd7tzZ8oBOY159ngwIIfiWJUTqunJsERR6HyzFMenOY4Uwk5hKIwpcCAwEA\nAQKCAgBTWJiEmLq2v3pSVzMaM0gdxfY6xLqp53DSPDdjgzsGdqiIflLPmRBKyOsw\n2qr5smQ9ZMDNkiwQfNxgkr6v0Ul/EY6TmKN6URLfD/qUm0cIoGN8V11azdtyG9fd\nH6mRY2HwGnUCcu+VmrCqpKASFJtkQPwucZaYgvrLI4bndXT3BvGD2S2xcKNKlcdL\nW4d0554uDs8ZPyf6C1M0lvL45koeDPL2Whzv3qNWVS9TKQcv8r/8iBDFxdTLydIi\nzBIhhLsx+Wm3wm6u0uWT+t4qbfd/28iIZoUJLLWhVRLibJ0xBZGxqawtb0c8ZrjS\nQaJunLKG5pTeKH1FvBuppGjlBHHl/dhcvLJpKVMPgrp3qaL5hG8IwZwl/06pE67H\nas9t9IqVLfBz744VXBh/xiSdFvhRf+MGmQFgxa5fB0y41K1EVCkQ6rUPhe/A3mjA\nSJxwbV0s/PUgOd7OnTqran4h3gkUShtUfb4fVmLcLsWTIxHchWsmwiaHNFFvZR7i\nq2riNAE+6JKWrLtDztky3kWkR+u+58q8BX7OodjEP+Ue59BFiHM/1V2rPSPxwxLh\naP9bnxyHLJgybfksOIX3Jr/OESPiXh0tYZmeGoldVxm0eu/yvDiGBWL7/d+tBLiq\nRPdaJ1QWf8wHGfJ/xYSZT86ygfAZ5ESGN5JRH7T0B5LptQJvYQKCAQEA9ALYGBZ2\nId0M37+56yJvXu6IqCSwFxI5cynb/rLR3TiwgTDBiMvdYOk9nWEm0+Np6o82ZkTE\nW9LnrUOCCpoTa8wpzZtL4kj1iKESEKCiuT40zBgYp4xRsU+64wsF6a+1wWbMkpO6\n6t6/b266zBBcuvdKX+QiuomRen5ZfSeOiu3mUV055CI5PTsyDDXAbfAUrTL4gVex\nTnTh4CLALmdWPIMU2zt2mvGaZboPQv8CdJ8bIYDmxqBPJrl1cGz0Whp8cZTvwOzi\ntR72IDh9uOANUgNKONr5Ka0ftMr5sA9/qQvGxt+we3363wgcyDOL02ZeHQZ8GHBG\nZbIPAg+Wj+fZIQKCAQEA3c2yjBn77Hnh3Ac1zOUtSjlaSs8bTYI4jQGu8xEG2W2T\nd2wujLP/CpHi3s3PJd+6mysThoJ02AM7oPxMRSUpuQLB+Galu86ri84exjzKS8ri\neIYdNmRqMUX/W/CoEpQukpV1nhhIyJjRf4KRK+j8y1n1zdCD59wL/4m7LDMZ0Bdt\nMvmqDrG27iAZAv60/9keIqCk6T1HMLIBKcANO9p8v1zxNTKKCoSmRl/Ze5XvUooY\nr8MGWG/gpPeKFobniUzTMhlJPw7ZKzgfWFl7hP0xpsl2m6ymM4jbCb539iDM8Mnb\nHkpzSmVMpRoiPwu52fniYoeUyEoG3I/LBrYSlr8MtwKCAQEAqdUo7msDwcIG6dyZ\n3ExVU6+WMeGHJierELq7weRYKS8BuoliyoGKDZ+JIPazfZq052rSJBAM0xRR58gq\nxJJEniy1k8NY56B8NKJW3nfPijr/qGXFEyiY215w5wGPFf0T9g5EqGhmGn76ouZg\n4RMqV38yptc0TLzfInC6fF+B2LSIL21Bk8U2LaX7yX/H9Ty6R2pIiE2uvLqhU80c\nEbAe13MsmwIiJOmv2snLQYgX/2+WBJWhCfId5QgD80ICOIxivPM6g/7cM8/e4sIu\nzvQykTh0+ml+LkGu5bi4XJAM/G2T5mtefDVM3NranYUy9uoy6uTOjnvmo3Vw+LA8\nzOBDwQKCAQB7OCLQoj7KCIvo6DiDM24Npf77QEMys/0mmKDQd80OTUl3NqpFkFlH\nTfRzQnKp37iTK0MVnrO6rVEbBg54+0RKe7W2gY/g3dd/O2rtRig8IuHdguQHq5Ey\n/mf2c6NrbtbQqCdHRMZqajs4UxjDBBQsBDYBuK0OybgApktNKrZUXC9V+kz3DNNL\nRpmeiFGVMNEE+6mhyWEbNEhhIUg40BAtXzzBCOqXHUoiHm17srfZas58FiQYTU7H\nVp1oFlnadMt/MXz3gxAyamM/ebadEuvadGFn6moKhyToLOAH5AD2Y61PDp0t30jN\nD8+mpqUA60lQ43FMM5PMRDXN7Kg3BrvRAoIBAQCZ267fV/SXHFdiKkBJrh1s+VyP\npYfphixNVxaUwLn+PiPmQWOJETNr7Ep68ecpVldNiLF+Qe2jUQXiAdPhEwgQviNH\nHiZiGammvqO2L07RnCfT/sZLr/kj2B9egryUYJqSZw1cqlOKUrSEhmS+H60rR9WF\nb8NiJRYV8Tj1Ues8jLJ4/UVu24QVnGTn3xth3zJfwWnbDcfqj6axKOrhi6Pz2Emc\n/mG6ZJ4kT36TE8b5zXuogPDXlNh9Tw6ajitbBAKrVZrJRH0h6J9wq65QqcRn5jL4\nGwENoKpVrFrLxbBCwAkTFr3ZfMXXXsDwqeZgVVntajORPaUVrdhxUxvducU3\n-----END RSA PRIVATE KEY-----\n",
      "type": "string",
      "sensitive": true
    },
    "kubectl_config": {
      "value": "aws eks update-kubeconfig --region us-east-1 --name orderflow-dev",
      "type": "string"
    },
    "node_groups": {
      "value": {
        "main": {
          "iam_role_arn": "arn:aws:iam::285654864320:role/c173096a4485959l11929557t1w285654864-LabEksNodeRole-DqWPx0IgWLjd",
          "iam_role_name": "",
          "iam_role_unique_id": "",
          "launch_template_arn": "arn:aws:ec2:us-east-1:285654864320:launch-template/lt-0ec5552cc00bdc665",
          "launch_template_id": "lt-0ec5552cc00bdc665",
          "launch_template_latest_version": 1,
          "launch_template_name": "main-2025100402171216050000000c",
          "node_group_arn": "arn:aws:eks:us-east-1:285654864320:nodegroup/orderflow-dev/orderflow-node-group-2025100402172001280000000e/a6ccd681-3441-460e-80da-0b453134bb02",
          "node_group_autoscaling_group_names": [
            "eks-orderflow-node-group-2025100402172001280000000e-a6ccd681-3441-460e-80da-0b453134bb02"
          ],
          "node_group_id": "orderflow-dev:orderflow-node-group-2025100402172001280000000e",
          "node_group_labels": {
            "Environment": "dev",
            "NodeGroup": "main"
          },
          "node_group_resources": [
            {
              "autoscaling_groups": [
                {
                  "name": "eks-orderflow-node-group-2025100402172001280000000e-a6ccd681-3441-460e-80da-0b453134bb02"
                }
              ],
              "remote_access_security_group_id": ""
            }
          ],
          "node_group_status": "arn:aws:eks:us-east-1:285654864320:nodegroup/orderflow-dev/orderflow-node-group-2025100402172001280000000e/a6ccd681-3441-460e-80da-0b453134bb02",
          "node_group_taints": [],
          "security_group_arn": "arn:aws:ec2:us-east-1:285654864320:security-group/sg-0e555f1224c674dbc",
          "security_group_id": "sg-0e555f1224c674dbc"
        }
      },
      "type": [
        "object",
        {
          "main": [
            "object",
            {
              "iam_role_arn": "string",
              "iam_role_name": "string",
              "iam_role_unique_id": "string",
              "launch_template_arn": "string",
              "launch_template_id": "string",
              "launch_template_latest_version": "number",
              "launch_template_name": "string",
              "node_group_arn": "string",
              "node_group_autoscaling_group_names": [
                "tuple",
                [
                  "string"
                ]
              ],
              "node_group_id": "string",
              "node_group_labels": [
                "map",
                "string"
              ],
              "node_group_resources": [
                "list",
                [
                  "object",
                  {
                    "autoscaling_groups": [
                      "list",
                      [
                        "object",
                        {
                          "name": "string"
                        }
                      ]
                    ],
                    "remote_access_security_group_id": "string"
                  }
                ]
              ],
              "node_group_status": "string",
              "node_group_taints": [
                "set",
                [
                  "object",
                  {
                    "effect": "string",
                    "key": "string",
                    "value": "string"
                  }
                ]
              ],
              "security_group_arn": "string",
              "security_group_id": "string"
            }
          ]
        }
      ]
    },
    "private_subnets": {
      "value": [
        "subnet-0ed61392abe1c5035",
        "subnet-0c8e8bb50bda1e7ae"
      ],
      "type": [
        "tuple",
        [
          "string",
          "string"
        ]
      ]
    },
    "public_subnets": {
      "value": [
        "subnet-09198a3f1f1f9716b",
        "subnet-0413f862345969795"
      ],
      "type": [
        "tuple",
        [
          "string",
          "string"
        ]
      ]
    },
    "region": {
      "value": "us-east-1",
      "type": "string"
    },
    "security_group_ids": {
      "value": {
        "cluster": "sg-0aa89105f048ed3c6",
        "node_group": "sg-0181208c766a5e2b0",
        "rds": "sg-03c6f9188496b06ae"
      },
      "type": [
        "object",
        {
          "cluster": "string",
          "node_group": "string",
          "rds": "string"
        }
      ]
    },
    "vpc_id": {
      "value": "vpc-078a7deaeae5f95da",
      "type": "string"
    }
  },
  "resources": [
    {
      "mode": "data",
      "type": "aws_caller_identity",
      "name": "current",
      "provider": "provider[\"registry.terraform.io/hashicorp/aws\"]",
      "instances": [
        {
          "schema_version": 0,
          "attributes": {
            "account_id": "285654864320",
            "arn": "arn:aws:sts::285654864320:assumed-role/voclabs/user924043=Tharlys_de_Souza_Dias",
            "id": "285654864320",
            "user_id": "AROAUFAS3KHAKKVL6CCJS:user924043=Tharlys_de_Souza_Dias"
          },
          "sensitive_attributes": [],
          "identity_schema_version": 0
        }
      ]
    },
    {
      "mode": "data",
      "type": "aws_iam_role",
      "name": "cluster",
      "provider": "provider[\"registry.terraform.io/hashicorp/aws\"]",
      "instances": [
        {
          "schema_version": 0,
          "attributes": {
            "arn": "arn:aws:iam::285654864320:role/LabRole",
            "assume_role_policy": "{\"Version\":\"2012-10-17\",\"Statement\":[{\"Effect\":\"Allow\",\"Principal\":{\"Service\":[\"sqs.amazonaws.com\",\"secretsmanager.amazonaws.com\",\"codedeploy.amazonaws.com\",\"codewhisperer.amazonaws.com\",\"eks.amazonaws.com\",\"cloud9.amazonaws.com\",\"elasticbeanstalk.amazonaws.com\",\"cloudformation.amazonaws.com\",\"redshift.amazonaws.com\",\"ecs.amazonaws.com\",\"elasticloadbalancing.amazonaws.com\",\"resource-groups.amazonaws.com\",\"iot.amazonaws.com\",\"ec2.application-autoscaling.amazonaws.com\",\"batch.amazonaws.com\",\"ecs-tasks.amazonaws.com\",\"scheduler.amazonaws.com\",\"apigateway.amazonaws.com\",\"elasticfilesystem.amazonaws.com\",\"rekognition.amazonaws.com\",\"autoscaling.amazonaws.com\",\"credentials.iot.amazonaws.com\",\"forecast.amazonaws.com\",\"lambda.amazonaws.com\",\"athena.amazonaws.com\",\"ec2.amazonaws.com\",\"rds.amazonaws.com\",\"servicecatalog.amazonaws.com\",\"kinesis.amazonaws.com\",\"kinesisanalytics.amazonaws.com\",\"pipes.amazonaws.com\",\"databrew.amazonaws.com\",\"backup.amazonaws.com\",\"events.amazonaws.com\",\"iotanalytics.amazonaws.com\",\"states.amazonaws.com\",\"application-autoscaling.amazonaws.com\",\"sns.amazonaws.com\",\"s3.amazonaws.com\",\"iotevents.amazonaws.com\",\"codecommit.amazonaws.com\",\"eks-fargate-pods.amazonaws.com\",\"sagemaker.amazonaws.com\",\"kms.amazonaws.com\",\"ssm.amazonaws.com\",\"logs.amazonaws.com\",\"firehose.amazonaws.com\",\"cognito-idp.amazonaws.com\",\"dynamodb.amazonaws.com\",\"deepracer.amazonaws.com\",\"cloudtrail.amazonaws.com\",\"glue.amazonaws.com\",\"elasticmapreduce.amazonaws.com\"],\"AWS\":\"arn:aws:iam::285654864320:role/LabRole\"},\"Action\":\"sts:AssumeRole\"}]}",
            "create_date": "2025-10-05T15:17:01Z",
            "description": "",
            "id": "LabRole",
            "max_session_duration": 3600,
            "name": "LabRole",
            "path": "/",
            "permissions_boundary": "",
            "role_last_used": [
              {
                "last_used_date": "2025-10-05T15:43:20Z",
                "region": "us-east-1"
              }
            ],
            "tags": {
              "cloudlab": "c173096a4485959l11929557t1w285654864320"
            },
            "unique_id": "AROAUFAS3KHAO62QRGMVJ"
          },
          "sensitive_attributes": [],
          "identity_schema_version": 0
        }
      ]
    },
    {
      "mode": "data",
      "type": "aws_iam_role",
      "name": "node_group",
      "provider": "provider[\"registry.terraform.io/hashicorp/aws\"]",
      "instances": [
        {
          "schema_version": 0,
          "attributes": {
            "arn": "arn:aws:iam::285654864320:role/LabRole",
            "assume_role_policy": "{\"Version\":\"2012-10-17\",\"Statement\":[{\"Effect\":\"Allow\",\"Principal\":{\"AWS\":\"arn:aws:iam::285654864320:role/LabRole\",\"Service\":[\"cloudtrail.amazonaws.com\",\"eks.amazonaws.com\",\"logs.amazonaws.com\",\"credentials.iot.amazonaws.com\",\"elasticloadbalancing.amazonaws.com\",\"elasticfilesystem.amazonaws.com\",\"iotanalytics.amazonaws.com\",\"sns.amazonaws.com\",\"cloud9.amazonaws.com\",\"ecs-tasks.amazonaws.com\",\"application-autoscaling.amazonaws.com\",\"dynamodb.amazonaws.com\",\"redshift.amazonaws.com\",\"elasticbeanstalk.amazonaws.com\",\"databrew.amazonaws.com\",\"secretsmanager.amazonaws.com\",\"events.amazonaws.com\",\"ssm.amazonaws.com\",\"kms.amazonaws.com\",\"iotevents.amazonaws.com\",\"codecommit.amazonaws.com\",\"kinesisanalytics.amazonaws.com\",\"glue.amazonaws.com\",\"elasticmapreduce.amazonaws.com\",\"firehose.amazonaws.com\",\"s3.amazonaws.com\",\"eks-fargate-pods.amazonaws.com\",\"deepracer.amazonaws.com\",\"cognito-idp.amazonaws.com\",\"autoscaling.amazonaws.com\",\"sagemaker.amazonaws.com\",\"apigateway.amazonaws.com\",\"backup.amazonaws.com\",\"kinesis.amazonaws.com\",\"pipes.amazonaws.com\",\"cloudformation.amazonaws.com\",\"batch.amazonaws.com\",\"ec2.application-autoscaling.amazonaws.com\",\"scheduler.amazonaws.com\",\"states.amazonaws.com\",\"ecs.amazonaws.com\",\"athena.amazonaws.com\",\"codedeploy.amazonaws.com\",\"rekognition.amazonaws.com\",\"sqs.amazonaws.com\",\"servicecatalog.amazonaws.com\",\"iot.amazonaws.com\",\"resource-groups.amazonaws.com\",\"rds.amazonaws.com\",\"codewhisperer.amazonaws.com\",\"lambda.amazonaws.com\",\"forecast.amazonaws.com\",\"ec2.amazonaws.com\"]},\"Action\":\"sts:AssumeRole\"}]}",
            "create_date": "2025-10-05T15:17:01Z",
            "description": "",
            "id": "LabRole",
            "max_session_duration": 3600,
            "name": "LabRole",
            "path": "/",
            "permissions_boundary": "",
            "role_last_used": [
              {
                "last_used_date": "2025-10-05T15:43:20Z",
                "region": "us-east-1"
              }
            ],
            "tags": {
              "cloudlab": "c173096a4485959l11929557t1w285654864320"
            },
            "unique_id": "AROAUFAS3KHAO62QRGMVJ"
          },
          "sensitive_attributes": [],
          "identity_schema_version": 0
        }
      ]
    },
    {
      "mode": "data",
      "type": "aws_partition",
      "name": "current",
      "provider": "provider[\"registry.terraform.io/hashicorp/aws\"]",
      "instances": [
        {
          "schema_version": 0,
          "attributes": {
            "dns_suffix": "amazonaws.com",
            "id": "aws",
            "partition": "aws",
            "reverse_dns_prefix": "com.amazonaws"
          },
          "sensitive_attributes": [],
          "identity_schema_version": 0
        }
      ]
    },
    {
      "mode": "data",
      "type": "aws_region",
      "name": "current",
      "provider": "provider[\"registry.terraform.io/hashicorp/aws\"]",
      "instances": [
        {
          "schema_version": 0,
          "attributes": {
            "description": "US East (N. Virginia)",
            "endpoint": "ec2.us-east-1.amazonaws.com",
            "id": "us-east-1",
            "name": "us-east-1"
          },
          "sensitive_attributes": [],
          "identity_schema_version": 0
        }
      ]
    },
    {
      "mode": "managed",
      "type": "aws_default_security_group",
      "name": "default",
      "provider": "provider[\"registry.terraform.io/hashicorp/aws\"]",
      "instances": [
        {
          "schema_version": 1,
          "attributes": {
            "arn": "arn:aws:ec2:us-east-1:285654864320:security-group/sg-0fb666cc3f91e0b88",
            "description": "default VPC security group",
            "egress": [],
            "id": "sg-0fb666cc3f91e0b88",
            "ingress": [],
            "name": "default",
            "name_prefix": "",
            "owner_id": "285654864320",
            "revoke_rules_on_delete": false,
            "tags": {
              "Environment": "Academy",
              "ManagedBy": "Terraform",
              "Name": "orderflow-default-sg",
              "Owner": "Student",
              "Project": "OrderFlow"
            },
            "tags_all": {
              "Environment": "Academy",
              "ManagedBy": "Terraform",
              "Name": "orderflow-default-sg",
              "Owner": "Student",
              "Project": "OrderFlow"
            },
            "vpc_id": "vpc-078a7deaeae5f95da"
          },
          "sensitive_attributes": [],
          "identity_schema_version": 0,
          "private": "eyJzY2hlbWFfdmVyc2lvbiI6IjEifQ==",
          "dependencies": [
            "aws_vpc.main"
          ]
        }
      ]
    },
    {
      "mode": "managed",
      "type": "aws_eip",
      "name": "nat",
      "provider": "provider[\"registry.terraform.io/hashicorp/aws\"]",
      "instances": [
        {
          "index_key": 0,
          "schema_version": 0,
          "attributes": {
            "address": null,
            "allocation_id": "eipalloc-01d0c4a32250f6c88",
            "arn": "arn:aws:ec2:us-east-1:285654864320:elastic-ip/eipalloc-01d0c4a32250f6c88",
            "associate_with_private_ip": null,
            "association_id": "",
            "carrier_ip": "",
            "customer_owned_ip": "",
            "customer_owned_ipv4_pool": "",
            "domain": "vpc",
            "id": "eipalloc-01d0c4a32250f6c88",
            "instance": "",
            "ipam_pool_id": null,
            "network_border_group": "us-east-1",
            "network_interface": "",
            "private_dns": null,
            "private_ip": "",
            "ptr_record": "",
            "public_dns": "ec2-44-217-174-118.compute-1.amazonaws.com",
            "public_ip": "44.217.174.118",
            "public_ipv4_pool": "amazon",
            "tags": {
              "Environment": "Academy",
              "ManagedBy": "Terraform",
              "Name": "orderflow-nat-eip-1",
              "Owner": "Student",
              "Project": "OrderFlow"
            },
            "tags_all": {
              "Environment": "Academy",
              "ManagedBy": "Terraform",
              "Name": "orderflow-nat-eip-1",
              "Owner": "Student",
              "Project": "OrderFlow"
            },
            "timeouts": null,
            "vpc": true
          },
          "sensitive_attributes": [],
          "identity_schema_version": 0,
          "private": "eyJlMmJmYjczMC1lY2FhLTExZTYtOGY4OC0zNDM2M2JjN2M0YzAiOnsiZGVsZXRlIjoxODAwMDAwMDAwMDAsInJlYWQiOjkwMDAwMDAwMDAwMCwidXBkYXRlIjozMDAwMDAwMDAwMDB9fQ==",
          "dependencies": [
            "aws_internet_gateway.main",
            "aws_vpc.main"
          ]
        },
        {
          "index_key": 1,
          "schema_version": 0,
          "attributes": {
            "address": null,
            "allocation_id": "eipalloc-0cab0266e60322904",
            "arn": "arn:aws:ec2:us-east-1:285654864320:elastic-ip/eipalloc-0cab0266e60322904",
            "associate_with_private_ip": null,
            "association_id": "",
            "carrier_ip": "",
            "customer_owned_ip": "",
            "customer_owned_ipv4_pool": "",
            "domain": "vpc",
            "id": "eipalloc-0cab0266e60322904",
            "instance": "",
            "ipam_pool_id": null,
            "network_border_group": "us-east-1",
            "network_interface": "",
            "private_dns": null,
            "private_ip": "",
            "ptr_record": "",
            "public_dns": "ec2-3-213-9-236.compute-1.amazonaws.com",
            "public_ip": "3.213.9.236",
            "public_ipv4_pool": "amazon",
            "tags": {
              "Environment": "Academy",
              "ManagedBy": "Terraform",
              "Name": "orderflow-nat-eip-2",
              "Owner": "Student",
              "Project": "OrderFlow"
            },
            "tags_all": {
              "Environment": "Academy",
              "ManagedBy": "Terraform",
              "Name": "orderflow-nat-eip-2",
              "Owner": "Student",
              "Project": "OrderFlow"
            },
            "timeouts": null,
            "vpc": true
          },
          "sensitive_attributes": [],
          "identity_schema_version": 0,
          "private": "eyJlMmJmYjczMC1lY2FhLTExZTYtOGY4OC0zNDM2M2JjN2M0YzAiOnsiZGVsZXRlIjoxODAwMDAwMDAwMDAsInJlYWQiOjkwMDAwMDAwMDAwMCwidXBkYXRlIjozMDAwMDAwMDAwMDB9fQ==",
          "dependencies": [
            "aws_internet_gateway.main",
            "aws_vpc.main"
          ]
        }
      ]
    },
    {
      "mode": "managed",
      "type": "aws_internet_gateway",
      "name": "main",
      "provider": "provider[\"registry.terraform.io/hashicorp/aws\"]",
      "instances": [
        {
          "schema_version": 0,
          "attributes": {
            "arn": "arn:aws:ec2:us-east-1:285654864320:internet-gateway/igw-0826c73eba23a809e",
            "id": "igw-0826c73eba23a809e",
            "owner_id": "285654864320",
            "tags": {
              "Environment": "Academy",
              "ManagedBy": "Terraform",
              "Name": "orderflow-igw",
              "Owner": "Student",
              "Project": "OrderFlow"
            },
            "tags_all": {
              "Environment": "Academy",
              "ManagedBy": "Terraform",
              "Name": "orderflow-igw",
              "Owner": "Student",
              "Project": "OrderFlow"
            },
            "timeouts": null,
            "vpc_id": "vpc-078a7deaeae5f95da"
          },
          "sensitive_attributes": [],
          "identity_schema_version": 0,
          "private": "eyJlMmJmYjczMC1lY2FhLTExZTYtOGY4OC0zNDM2M2JjN2M0YzAiOnsiY3JlYXRlIjoxMjAwMDAwMDAwMDAwLCJkZWxldGUiOjEyMDAwMDAwMDAwMDAsInVwZGF0ZSI6MTIwMDAwMDAwMDAwMH19",
          "dependencies": [
            "aws_vpc.main"
          ]
        }
      ]
    },
    {
      "mode": "managed",
      "type": "aws_key_pair",
      "name": "eks_nodes",
      "provider": "provider[\"registry.terraform.io/hashicorp/aws\"]",
      "instances": [
        {
          "schema_version": 1,
          "attributes": {
            "arn": "arn:aws:ec2:us-east-1:285654864320:key-pair/orderflow-eks-nodes",
            "fingerprint": "3c:27:f4:17:42:e9:6f:dc:b8:e5:e2:38:42:a7:09:ed",
            "id": "orderflow-eks-nodes",
            "key_name": "orderflow-eks-nodes",
            "key_name_prefix": "",
            "key_pair_id": "key-0d28a83d80e332e90",
            "key_type": "rsa",
            "public_key": "ssh-rsa AAAAB3NzaC1yc2EAAAADAQABAAACAQDTaoUDW0FL6mPsz/4w0qMiK4w3iVm2aS9+NZxoSGWE4lvaWzhnNI7wH6/gv0+X5ToJZKWsNrsRgzEQ6PXfyY5dBWveuDgIK4edEADq2VasXy6K1f10h9PjHqRDHX/YLWnpUs0asBp7E2N6tE+17lkJO8Rno+a274zOLbA3h9WYuSKVW20BEYU8gbhsMFJdCoxjybufS8HixeTwa6QlpRSCSXs1sxz6JRRbTT942iDbMcO9UQoUi9V4F3t4dEt/mEkISNgORQlhgo2NE38QaiiX3qv7ppSYHLkC4B8lsRhYsDMKcTPd7edk5HtAS6r3z9stGXUe0uVfi86xaWgWci8vhRO7Tq+FKW+8nAUva+EttbhiLhmWISeCseMImrpB/ZgtiJ0xt7xhjT4eg8Rq3dlm13zU1PuY7cFd7QKT7gpnjSDk++J3h8f7qiM1qxdwtqzqe6zuZvHsO9pf8mVpVNJRwkwoCtt/IX9ep3htblNdMY6hY3T7jusUTK2osShWtW4Y84CfU2FbaivfmhEx7FE4WyGO1+Ah8f/46wjfqnImsp6itpHjFmaAjWQuzlV/LSe6l/QZVaeox6pbM89rMuTKvLW0GHPIKhLc5fSDmZJBZ/ScyEXnR0Aa13u3NnygE5jXn2eDAgh+JYlROq6cmwRFHofLMUx6c5jhTCTmEojClw==",
            "tags": {
              "Environment": "Academy",
              "ManagedBy": "Terraform",
              "Owner": "Student",
              "Project": "OrderFlow"
            },
            "tags_all": {
              "Environment": "Academy",
              "ManagedBy": "Terraform",
              "Owner": "Student",
              "Project": "OrderFlow"
            }
          },
          "sensitive_attributes": [],
          "identity_schema_version": 0,
          "private": "eyJzY2hlbWFfdmVyc2lvbiI6IjEifQ==",
          "dependencies": [
            "tls_private_key.eks_nodes"
          ]
        }
      ]
    },
    {
      "mode": "managed",
      "type": "aws_kms_key",
      "name": "cloudwatch",
      "provider": "provider[\"registry.terraform.io/hashicorp/aws\"]",
      "instances": [
        {
          "schema_version": 0,
          "attributes": {
            "arn": "arn:aws:kms:us-east-1:285654864320:key/9efd32c8-5198-42ad-8660-e7d6d9dbde47",
            "bypass_policy_lockout_safety_check": false,
            "custom_key_store_id": "",
            "customer_master_key_spec": "SYMMETRIC_DEFAULT",
            "deletion_window_in_days": 7,
            "description": "KMS key for CloudWatch Log Groups",
            "enable_key_rotation": true,
            "id": "9efd32c8-5198-42ad-8660-e7d6d9dbde47",
            "is_enabled": true,
            "key_id": "9efd32c8-5198-42ad-8660-e7d6d9dbde47",
            "key_usage": "ENCRYPT_DECRYPT",
            "multi_region": false,
            "policy": "{\"Statement\":[{\"Action\":\"kms:*\",\"Effect\":\"Allow\",\"Principal\":{\"AWS\":\"arn:aws:iam::285654864320:root\"},\"Resource\":\"*\",\"Sid\":\"Enable IAM User Permissions\"}],\"Version\":\"2012-10-17\"}",
            "rotation_period_in_days": 365,
            "tags": {
              "Environment": "Academy",
              "ManagedBy": "Terraform",
              "Owner": "Student",
              "Project": "OrderFlow"
            },
            "tags_all": {
              "Environment": "Academy",
              "ManagedBy": "Terraform",
              "Owner": "Student",
              "Project": "OrderFlow"
            },
            "timeouts": null,
            "xks_key_id": ""
          },
          "sensitive_attributes": [],
          "identity_schema_version": 0,
          "private": "eyJlMmJmYjczMC1lY2FhLTExZTYtOGY4OC0zNDM2M2JjN2M0YzAiOnsiY3JlYXRlIjoxMjAwMDAwMDAwMDB9fQ==",
          "dependencies": [
            "data.aws_caller_identity.current"
          ]
        }
      ]
    },
    {
      "mode": "managed",
      "type": "aws_nat_gateway",
      "name": "main",
      "provider": "provider[\"registry.terraform.io/hashicorp/aws\"]",
      "instances": [
        {
          "index_key": 0,
          "schema_version": 0,
          "attributes": {
            "allocation_id": "eipalloc-01d0c4a32250f6c88",
            "association_id": "eipassoc-0a36eed6803c94815",
            "connectivity_type": "public",
            "id": "nat-0fc7a0490fa1d493e",
            "network_interface_id": "eni-06624137779b08410",
            "private_ip": "10.0.101.232",
            "public_ip": "44.217.174.118",
            "secondary_allocation_ids": null,
            "secondary_private_ip_address_count": 0,
            "secondary_private_ip_addresses": [],
            "subnet_id": "subnet-09198a3f1f1f9716b",
            "tags": {
              "Environment": "Academy",
              "ManagedBy": "Terraform",
              "Name": "orderflow-nat-gateway-1",
              "Owner": "Student",
              "Project": "OrderFlow"
            },
            "tags_all": {
              "Environment": "Academy",
              "ManagedBy": "Terraform",
              "Name": "orderflow-nat-gateway-1",
              "Owner": "Student",
              "Project": "OrderFlow"
            },
            "timeouts": null
          },
          "sensitive_attributes": [],
          "identity_schema_version": 0,
          "private": "eyJlMmJmYjczMC1lY2FhLTExZTYtOGY4OC0zNDM2M2JjN2M0YzAiOnsiY3JlYXRlIjo2MDAwMDAwMDAwMDAsImRlbGV0ZSI6MTgwMDAwMDAwMDAwMCwidXBkYXRlIjo2MDAwMDAwMDAwMDB9fQ==",
          "dependencies": [
            "aws_eip.nat",
            "aws_internet_gateway.main",
            "aws_subnet.public",
            "aws_vpc.main"
          ]
        },
        {
          "index_key": 1,
          "schema_version": 0,
          "attributes": {
            "allocation_id": "eipalloc-0cab0266e60322904",
            "association_id": "eipassoc-05a04739897c13688",
            "connectivity_type": "public",
            "id": "nat-0180cf6bba0f399d4",
            "network_interface_id": "eni-079e426f08ebdd5b3",
            "private_ip": "10.0.102.106",
            "public_ip": "3.213.9.236",
            "secondary_allocation_ids": null,
            "secondary_private_ip_address_count": 0,
            "secondary_private_ip_addresses": [],
            "subnet_id": "subnet-0413f862345969795",
            "tags": {
              "Environment": "Academy",
              "ManagedBy": "Terraform",
              "Name": "orderflow-nat-gateway-2",
              "Owner": "Student",
              "Project": "OrderFlow"
            },
            "tags_all": {
              "Environment": "Academy",
              "ManagedBy": "Terraform",
              "Name": "orderflow-nat-gateway-2",
              "Owner": "Student",
              "Project": "OrderFlow"
            },
            "timeouts": null
          },
          "sensitive_attributes": [],
          "identity_schema_version": 0,
          "private": "eyJlMmJmYjczMC1lY2FhLTExZTYtOGY4OC0zNDM2M2JjN2M0YzAiOnsiY3JlYXRlIjo2MDAwMDAwMDAwMDAsImRlbGV0ZSI6MTgwMDAwMDAwMDAwMCwidXBkYXRlIjo2MDAwMDAwMDAwMDB9fQ==",
          "dependencies": [
            "aws_eip.nat",
            "aws_internet_gateway.main",
            "aws_subnet.public",
            "aws_vpc.main"
          ]
        }
      ]
    },
    {
      "mode": "managed",
      "type": "aws_route_table",
      "name": "private",
      "provider": "provider[\"registry.terraform.io/hashicorp/aws\"]",
      "instances": [
        {
          "index_key": 0,
          "schema_version": 0,
          "attributes": {
            "arn": "arn:aws:ec2:us-east-1:285654864320:route-table/rtb-0d9802d46d3cb120d",
            "id": "rtb-0d9802d46d3cb120d",
            "owner_id": "285654864320",
            "propagating_vgws": [],
            "route": [
              {
                "carrier_gateway_id": "",
                "cidr_block": "0.0.0.0/0",
                "core_network_arn": "",
                "destination_prefix_list_id": "",
                "egress_only_gateway_id": "",
                "gateway_id": "",
                "ipv6_cidr_block": "",
                "local_gateway_id": "",
                "nat_gateway_id": "nat-0fc7a0490fa1d493e",
                "network_interface_id": "",
                "transit_gateway_id": "",
                "vpc_endpoint_id": "",
                "vpc_peering_connection_id": ""
              }
            ],
            "tags": {
              "Environment": "Academy",
              "ManagedBy": "Terraform",
              "Name": "orderflow-private-rt-1",
              "Owner": "Student",
              "Project": "OrderFlow"
            },
            "tags_all": {
              "Environment": "Academy",
              "ManagedBy": "Terraform",
              "Name": "orderflow-private-rt-1",
              "Owner": "Student",
              "Project": "OrderFlow"
            },
            "timeouts": null,
            "vpc_id": "vpc-078a7deaeae5f95da"
          },
          "sensitive_attributes": [],
          "identity_schema_version": 0,
          "private": "eyJlMmJmYjczMC1lY2FhLTExZTYtOGY4OC0zNDM2M2JjN2M0YzAiOnsiY3JlYXRlIjozMDAwMDAwMDAwMDAsImRlbGV0ZSI6MzAwMDAwMDAwMDAwLCJ1cGRhdGUiOjEyMDAwMDAwMDAwMH19",
          "dependencies": [
            "aws_eip.nat",
            "aws_internet_gateway.main",
            "aws_nat_gateway.main",
            "aws_subnet.public",
            "aws_vpc.main"
          ]
        },
        {
          "index_key": 1,
          "schema_version": 0,
          "attributes": {
            "arn": "arn:aws:ec2:us-east-1:285654864320:route-table/rtb-00d28aae31cac48f1",
            "id": "rtb-00d28aae31cac48f1",
            "owner_id": "285654864320",
            "propagating_vgws": [],
            "route": [
              {
                "carrier_gateway_id": "",
                "cidr_block": "0.0.0.0/0",
                "core_network_arn": "",
                "destination_prefix_list_id": "",
                "egress_only_gateway_id": "",
                "gateway_id": "",
                "ipv6_cidr_block": "",
                "local_gateway_id": "",
                "nat_gateway_id": "nat-0180cf6bba0f399d4",
                "network_interface_id": "",
                "transit_gateway_id": "",
                "vpc_endpoint_id": "",
                "vpc_peering_connection_id": ""
              }
            ],
            "tags": {
              "Environment": "Academy",
              "ManagedBy": "Terraform",
              "Name": "orderflow-private-rt-2",
              "Owner": "Student",
              "Project": "OrderFlow"
            },
            "tags_all": {
              "Environment": "Academy",
              "ManagedBy": "Terraform",
              "Name": "orderflow-private-rt-2",
              "Owner": "Student",
              "Project": "OrderFlow"
            },
            "timeouts": null,
            "vpc_id": "vpc-078a7deaeae5f95da"
          },
          "sensitive_attributes": [],
          "identity_schema_version": 0,
          "private": "eyJlMmJmYjczMC1lY2FhLTExZTYtOGY4OC0zNDM2M2JjN2M0YzAiOnsiY3JlYXRlIjozMDAwMDAwMDAwMDAsImRlbGV0ZSI6MzAwMDAwMDAwMDAwLCJ1cGRhdGUiOjEyMDAwMDAwMDAwMH19",
          "dependencies": [
            "aws_eip.nat",
            "aws_internet_gateway.main",
            "aws_nat_gateway.main",
            "aws_subnet.public",
            "aws_vpc.main"
          ]
        }
      ]
    },
    {
      "mode": "managed",
      "type": "aws_route_table",
      "name": "public",
      "provider": "provider[\"registry.terraform.io/hashicorp/aws\"]",
      "instances": [
        {
          "schema_version": 0,
          "attributes": {
            "arn": "arn:aws:ec2:us-east-1:285654864320:route-table/rtb-0ff23dcd638656419",
            "id": "rtb-0ff23dcd638656419",
            "owner_id": "285654864320",
            "propagating_vgws": [],
            "route": [
              {
                "carrier_gateway_id": "",
                "cidr_block": "0.0.0.0/0",
                "core_network_arn": "",
                "destination_prefix_list_id": "",
                "egress_only_gateway_id": "",
                "gateway_id": "igw-0826c73eba23a809e",
                "ipv6_cidr_block": "",
                "local_gateway_id": "",
                "nat_gateway_id": "",
                "network_interface_id": "",
                "transit_gateway_id": "",
                "vpc_endpoint_id": "",
                "vpc_peering_connection_id": ""
              }
            ],
            "tags": {
              "Environment": "Academy",
              "ManagedBy": "Terraform",
              "Name": "orderflow-public-rt",
              "Owner": "Student",
              "Project": "OrderFlow"
            },
            "tags_all": {
              "Environment": "Academy",
              "ManagedBy": "Terraform",
              "Name": "orderflow-public-rt",
              "Owner": "Student",
              "Project": "OrderFlow"
            },
            "timeouts": null,
            "vpc_id": "vpc-078a7deaeae5f95da"
          },
          "sensitive_attributes": [],
          "identity_schema_version": 0,
          "private": "eyJlMmJmYjczMC1lY2FhLTExZTYtOGY4OC0zNDM2M2JjN2M0YzAiOnsiY3JlYXRlIjozMDAwMDAwMDAwMDAsImRlbGV0ZSI6MzAwMDAwMDAwMDAwLCJ1cGRhdGUiOjEyMDAwMDAwMDAwMH19",
          "dependencies": [
            "aws_internet_gateway.main",
            "aws_vpc.main"
          ]
        }
      ]
    },
    {
      "mode": "managed",
      "type": "aws_route_table_association",
      "name": "private",
      "provider": "provider[\"registry.terraform.io/hashicorp/aws\"]",
      "instances": [
        {
          "index_key": 0,
          "schema_version": 0,
          "attributes": {
            "gateway_id": "",
            "id": "rtbassoc-04037b0015b5e9a17",
            "route_table_id": "rtb-0d9802d46d3cb120d",
            "subnet_id": "subnet-0ed61392abe1c5035",
            "timeouts": null
          },
          "sensitive_attributes": [],
          "identity_schema_version": 0,
          "private": "eyJlMmJmYjczMC1lY2FhLTExZTYtOGY4OC0zNDM2M2JjN2M0YzAiOnsiY3JlYXRlIjozMDAwMDAwMDAwMDAsImRlbGV0ZSI6MzAwMDAwMDAwMDAwLCJ1cGRhdGUiOjEyMDAwMDAwMDAwMH19",
          "dependencies": [
            "aws_eip.nat",
            "aws_internet_gateway.main",
            "aws_nat_gateway.main",
            "aws_route_table.private",
            "aws_subnet.private",
            "aws_subnet.public",
            "aws_vpc.main"
          ]
        },
        {
          "index_key": 1,
          "schema_version": 0,
          "attributes": {
            "gateway_id": "",
            "id": "rtbassoc-07a8933f1aab9e40a",
            "route_table_id": "rtb-00d28aae31cac48f1",
            "subnet_id": "subnet-0c8e8bb50bda1e7ae",
            "timeouts": null
          },
          "sensitive_attributes": [],
          "identity_schema_version": 0,
          "private": "eyJlMmJmYjczMC1lY2FhLTExZTYtOGY4OC0zNDM2M2JjN2M0YzAiOnsiY3JlYXRlIjozMDAwMDAwMDAwMDAsImRlbGV0ZSI6MzAwMDAwMDAwMDAwLCJ1cGRhdGUiOjEyMDAwMDAwMDAwMH19",
          "dependencies": [
            "aws_eip.nat",
            "aws_internet_gateway.main",
            "aws_nat_gateway.main",
            "aws_route_table.private",
            "aws_subnet.private",
            "aws_subnet.public",
            "aws_vpc.main"
          ]
        }
      ]
    },
    {
      "mode": "managed",
      "type": "aws_route_table_association",
      "name": "public",
      "provider": "provider[\"registry.terraform.io/hashicorp/aws\"]",
      "instances": [
        {
          "index_key": 0,
          "schema_version": 0,
          "attributes": {
            "gateway_id": "",
            "id": "rtbassoc-0fc75e766519272fb",
            "route_table_id": "rtb-0ff23dcd638656419",
            "subnet_id": "subnet-09198a3f1f1f9716b",
            "timeouts": null
          },
          "sensitive_attributes": [],
          "identity_schema_version": 0,
          "private": "eyJlMmJmYjczMC1lY2FhLTExZTYtOGY4OC0zNDM2M2JjN2M0YzAiOnsiY3JlYXRlIjozMDAwMDAwMDAwMDAsImRlbGV0ZSI6MzAwMDAwMDAwMDAwLCJ1cGRhdGUiOjEyMDAwMDAwMDAwMH19",
          "dependencies": [
            "aws_internet_gateway.main",
            "aws_route_table.public",
            "aws_subnet.public",
            "aws_vpc.main"
          ]
        },
        {
          "index_key": 1,
          "schema_version": 0,
          "attributes": {
            "gateway_id": "",
            "id": "rtbassoc-0b68a3697bd3a6112",
            "route_table_id": "rtb-0ff23dcd638656419",
            "subnet_id": "subnet-0413f862345969795",
            "timeouts": null
          },
          "sensitive_attributes": [],
          "identity_schema_version": 0,
          "private": "eyJlMmJmYjczMC1lY2FhLTExZTYtOGY4OC0zNDM2M2JjN2M0YzAiOnsiY3JlYXRlIjozMDAwMDAwMDAwMDAsImRlbGV0ZSI6MzAwMDAwMDAwMDAwLCJ1cGRhdGUiOjEyMDAwMDAwMDAwMH19",
          "dependencies": [
            "aws_internet_gateway.main",
            "aws_route_table.public",
            "aws_subnet.public",
            "aws_vpc.main"
          ]
        }
      ]
    },
    {
      "mode": "managed",
      "type": "aws_security_group",
      "name": "cluster",
      "provider": "provider[\"registry.terraform.io/hashicorp/aws\"]",
      "instances": [
        {
          "schema_version": 1,
          "attributes": {
            "arn": "arn:aws:ec2:us-east-1:285654864320:security-group/sg-0aa89105f048ed3c6",
            "description": "Security group for EKS cluster control plane",
            "egress": [
              {
                "cidr_blocks": [
                  "0.0.0.0/0"
                ],
                "description": "DNS egress (TCP)",
                "from_port": 53,
                "ipv6_cidr_blocks": [],
                "prefix_list_ids": [],
                "protocol": "tcp",
                "security_groups": [],
                "self": false,
                "to_port": 53
              },
              {
                "cidr_blocks": [
                  "0.0.0.0/0"
                ],
                "description": "DNS egress (UDP)",
                "from_port": 53,
                "ipv6_cidr_blocks": [],
                "prefix_list_ids": [],
                "protocol": "udp",
                "security_groups": [],
                "self": false,
                "to_port": 53
              },
              {
                "cidr_blocks": [
                  "0.0.0.0/0"
                ],
                "description": "HTTPS egress",
                "from_port": 443,
                "ipv6_cidr_blocks": [],
                "prefix_list_ids": [],
                "protocol": "tcp",
                "security_groups": [],
                "self": false,
                "to_port": 443
              }
            ],
            "id": "sg-0aa89105f048ed3c6",
            "ingress": [
              {
                "cidr_blocks": [
                  "10.0.0.0/16"
                ],
                "description": "HTTPS",
                "from_port": 443,
                "ipv6_cidr_blocks": [],
                "prefix_list_ids": [],
                "protocol": "tcp",
                "security_groups": [],
                "self": false,
                "to_port": 443
              }
            ],
            "name": "orderflow-cluster-20251005170955109400000002",
            "name_prefix": "orderflow-cluster-",
            "owner_id": "285654864320",
            "revoke_rules_on_delete": false,
            "tags": {
              "Environment": "Academy",
              "ManagedBy": "Terraform",
              "Name": "orderflow-cluster-sg",
              "Owner": "Student",
              "Project": "OrderFlow"
            },
            "tags_all": {
              "Environment": "Academy",
              "ManagedBy": "Terraform",
              "Name": "orderflow-cluster-sg",
              "Owner": "Student",
              "Project": "OrderFlow"
            },
            "timeouts": null,
            "vpc_id": "vpc-078a7deaeae5f95da"
          },
          "sensitive_attributes": [],
          "identity_schema_version": 0,
          "private": "eyJlMmJmYjczMC1lY2FhLTExZTYtOGY4OC0zNDM2M2JjN2M0YzAiOnsiY3JlYXRlIjo2MDAwMDAwMDAwMDAsImRlbGV0ZSI6OTAwMDAwMDAwMDAwfSwic2NoZW1hX3ZlcnNpb24iOiIxIn0=",
          "dependencies": [
            "aws_vpc.main"
          ]
        }
      ]
    },
    {
      "mode": "managed",
      "type": "aws_security_group",
      "name": "node_group",
      "provider": "provider[\"registry.terraform.io/hashicorp/aws\"]",
      "instances": [
        {
          "schema_version": 1,
          "attributes": {
            "arn": "arn:aws:ec2:us-east-1:285654864320:security-group/sg-0181208c766a5e2b0",
            "description": "Security group for EKS worker nodes",
            "egress": [
              {
                "cidr_blocks": [
                  "0.0.0.0/0"
                ],
                "description": "DNS egress (TCP)",
                "from_port": 53,
                "ipv6_cidr_blocks": [],
                "prefix_list_ids": [],
                "protocol": "tcp",
                "security_groups": [],
                "self": false,
                "to_port": 53
              },
              {
                "cidr_blocks": [
                  "0.0.0.0/0"
                ],
                "description": "DNS egress (UDP)",
                "from_port": 53,
                "ipv6_cidr_blocks": [],
                "prefix_list_ids": [],
                "protocol": "udp",
                "security_groups": [],
                "self": false,
                "to_port": 53
              },
              {
                "cidr_blocks": [
                  "0.0.0.0/0"
                ],
                "description": "HTTPS egress",
                "from_port": 443,
                "ipv6_cidr_blocks": [],
                "prefix_list_ids": [],
                "protocol": "tcp",
                "security_groups": [],
                "self": false,
                "to_port": 443
              },
              {
                "cidr_blocks": [],
                "description": "Node to node communication",
                "from_port": 0,
                "ipv6_cidr_blocks": [],
                "prefix_list_ids": [],
                "protocol": "tcp",
                "security_groups": [],
                "self": true,
                "to_port": 65535
              }
            ],
            "id": "sg-0181208c766a5e2b0",
            "ingress": [
              {
                "cidr_blocks": [],
                "description": "Cluster API to node group",
                "from_port": 1025,
                "ipv6_cidr_blocks": [],
                "prefix_list_ids": [],
                "protocol": "tcp",
                "security_groups": [
                  "sg-0aa89105f048ed3c6"
                ],
                "self": false,
                "to_port": 65535
              },
              {
                "cidr_blocks": [],
                "description": "Cluster API to node groups",
                "from_port": 443,
                "ipv6_cidr_blocks": [],
                "prefix_list_ids": [],
                "protocol": "tcp",
                "security_groups": [
                  "sg-0aa89105f048ed3c6"
                ],
                "self": false,
                "to_port": 443
              },
              {
                "cidr_blocks": [],
                "description": "Cluster API to node kubelets",
                "from_port": 10250,
                "ipv6_cidr_blocks": [],
                "prefix_list_ids": [],
                "protocol": "tcp",
                "security_groups": [
                  "sg-0aa89105f048ed3c6"
                ],
                "self": false,
                "to_port": 10250
              },
              {
                "cidr_blocks": [],
                "description": "Node to node communication",
                "from_port": 0,
                "ipv6_cidr_blocks": [],
                "prefix_list_ids": [],
                "protocol": "tcp",
                "security_groups": [],
                "self": true,
                "to_port": 65535
              }
            ],
            "name": "orderflow-node-group-20251005170959005800000006",
            "name_prefix": "orderflow-node-group-",
            "owner_id": "285654864320",
            "revoke_rules_on_delete": false,
            "tags": {
              "Environment": "Academy",
              "ManagedBy": "Terraform",
              "Name": "orderflow-node-group-sg",
              "Owner": "Student",
              "Project": "OrderFlow"
            },
            "tags_all": {
              "Environment": "Academy",
              "ManagedBy": "Terraform",
              "Name": "orderflow-node-group-sg",
              "Owner": "Student",
              "Project": "OrderFlow"
            },
            "timeouts": null,
            "vpc_id": "vpc-078a7deaeae5f95da"
          },
          "sensitive_attributes": [],
          "identity_schema_version": 0,
          "private": "eyJlMmJmYjczMC1lY2FhLTExZTYtOGY4OC0zNDM2M2JjN2M0YzAiOnsiY3JlYXRlIjo2MDAwMDAwMDAwMDAsImRlbGV0ZSI6OTAwMDAwMDAwMDAwfSwic2NoZW1hX3ZlcnNpb24iOiIxIn0=",
          "dependencies": [
            "aws_security_group.cluster",
            "aws_vpc.main"
          ]
        }
      ]
    },
    {
      "mode": "managed",
      "type": "aws_security_group",
      "name": "rds",
      "provider": "provider[\"registry.terraform.io/hashicorp/aws\"]",
      "instances": [
        {
          "schema_version": 1,
          "attributes": {
            "arn": "arn:aws:ec2:us-east-1:285654864320:security-group/sg-03c6f9188496b06ae",
            "description": "Security group for RDS instances",
            "egress": [
              {
                "cidr_blocks": [],
                "description": "PostgreSQL to EKS nodes",
                "from_port": 5432,
                "ipv6_cidr_blocks": [],
                "prefix_list_ids": [],
                "protocol": "tcp",
                "security_groups": [
                  "sg-0181208c766a5e2b0"
                ],
                "self": false,
                "to_port": 5432
              }
            ],
            "id": "sg-03c6f9188496b06ae",
            "ingress": [
              {
                "cidr_blocks": [],
                "description": "PostgreSQL from EKS nodes",
                "from_port": 5432,
                "ipv6_cidr_blocks": [],
                "prefix_list_ids": [],
                "protocol": "tcp",
                "security_groups": [
                  "sg-0181208c766a5e2b0"
                ],
                "self": false,
                "to_port": 5432
              }
            ],
            "name": "orderflow-rds-20251005171004274200000009",
            "name_prefix": "orderflow-rds-",
            "owner_id": "285654864320",
            "revoke_rules_on_delete": false,
            "tags": {
              "Environment": "Academy",
              "ManagedBy": "Terraform",
              "Name": "orderflow-rds-sg",
              "Owner": "Student",
              "Project": "OrderFlow"
            },
            "tags_all": {
              "Environment": "Academy",
              "ManagedBy": "Terraform",
              "Name": "orderflow-rds-sg",
              "Owner": "Student",
              "Project": "OrderFlow"
            },
            "timeouts": null,
            "vpc_id": "vpc-078a7deaeae5f95da"
          },
          "sensitive_attributes": [],
          "identity_schema_version": 0,
          "private": "eyJlMmJmYjczMC1lY2FhLTExZTYtOGY4OC0zNDM2M2JjN2M0YzAiOnsiY3JlYXRlIjo2MDAwMDAwMDAwMDAsImRlbGV0ZSI6OTAwMDAwMDAwMDAwfSwic2NoZW1hX3ZlcnNpb24iOiIxIn0=",
          "dependencies": [
            "aws_security_group.cluster",
            "aws_security_group.node_group",
            "aws_vpc.main"
          ]
        }
      ]
    },
    {
      "mode": "managed",
      "type": "aws_subnet",
      "name": "private",
      "provider": "provider[\"registry.terraform.io/hashicorp/aws\"]",
      "instances": [
        {
          "index_key": 0,
          "schema_version": 1,
          "attributes": {
            "arn": "arn:aws:ec2:us-east-1:285654864320:subnet/subnet-0ed61392abe1c5035",
            "assign_ipv6_address_on_creation": false,
            "availability_zone": "us-east-1a",
            "availability_zone_id": "use1-az4",
            "cidr_block": "10.0.1.0/24",
            "customer_owned_ipv4_pool": "",
            "enable_dns64": false,
            "enable_lni_at_device_index": 0,
            "enable_resource_name_dns_a_record_on_launch": false,
            "enable_resource_name_dns_aaaa_record_on_launch": false,
            "id": "subnet-0ed61392abe1c5035",
            "ipv6_cidr_block": "",
            "ipv6_cidr_block_association_id": "",
            "ipv6_native": false,
            "map_customer_owned_ip_on_launch": false,
            "map_public_ip_on_launch": false,
            "outpost_arn": "",
            "owner_id": "285654864320",
            "private_dns_hostname_type_on_launch": "ip-name",
            "tags": {
              "Environment": "Academy",
              "ManagedBy": "Terraform",
              "Name": "orderflow-private-subnet-1",
              "Owner": "Student",
              "Project": "OrderFlow",
              "kubernetes.io/cluster/orderflow-dev": "owned",
              "kubernetes.io/role/internal-elb": "1"
            },
            "tags_all": {
              "Environment": "Academy",
              "ManagedBy": "Terraform",
              "Name": "orderflow-private-subnet-1",
              "Owner": "Student",
              "Project": "OrderFlow",
              "kubernetes.io/cluster/orderflow-dev": "owned",
              "kubernetes.io/role/internal-elb": "1"
            },
            "timeouts": null,
            "vpc_id": "vpc-078a7deaeae5f95da"
          },
          "sensitive_attributes": [],
          "identity_schema_version": 0,
          "private": "eyJlMmJmYjczMC1lY2FhLTExZTYtOGY4OC0zNDM2M2JjN2M0YzAiOnsiY3JlYXRlIjo2MDAwMDAwMDAwMDAsImRlbGV0ZSI6MTIwMDAwMDAwMDAwMH0sInNjaGVtYV92ZXJzaW9uIjoiMSJ9",
          "dependencies": [
            "aws_vpc.main"
          ],
          "create_before_destroy": true
        },
        {
          "index_key": 1,
          "schema_version": 1,
          "attributes": {
            "arn": "arn:aws:ec2:us-east-1:285654864320:subnet/subnet-0c8e8bb50bda1e7ae",
            "assign_ipv6_address_on_creation": false,
            "availability_zone": "us-east-1b",
            "availability_zone_id": "use1-az6",
            "cidr_block": "10.0.2.0/24",
            "customer_owned_ipv4_pool": "",
            "enable_dns64": false,
            "enable_lni_at_device_index": 0,
            "enable_resource_name_dns_a_record_on_launch": false,
            "enable_resource_name_dns_aaaa_record_on_launch": false,
            "id": "subnet-0c8e8bb50bda1e7ae",
            "ipv6_cidr_block": "",
            "ipv6_cidr_block_association_id": "",
            "ipv6_native": false,
            "map_customer_owned_ip_on_launch": false,
            "map_public_ip_on_launch": false,
            "outpost_arn": "",
            "owner_id": "285654864320",
            "private_dns_hostname_type_on_launch": "ip-name",
            "tags": {
              "Environment": "Academy",
              "ManagedBy": "Terraform",
              "Name": "orderflow-private-subnet-2",
              "Owner": "Student",
              "Project": "OrderFlow",
              "kubernetes.io/cluster/orderflow-dev": "owned",
              "kubernetes.io/role/internal-elb": "1"
            },
            "tags_all": {
              "Environment": "Academy",
              "ManagedBy": "Terraform",
              "Name": "orderflow-private-subnet-2",
              "Owner": "Student",
              "Project": "OrderFlow",
              "kubernetes.io/cluster/orderflow-dev": "owned",
              "kubernetes.io/role/internal-elb": "1"
            },
            "timeouts": null,
            "vpc_id": "vpc-078a7deaeae5f95da"
          },
          "sensitive_attributes": [],
          "identity_schema_version": 0,
          "private": "eyJlMmJmYjczMC1lY2FhLTExZTYtOGY4OC0zNDM2M2JjN2M0YzAiOnsiY3JlYXRlIjo2MDAwMDAwMDAwMDAsImRlbGV0ZSI6MTIwMDAwMDAwMDAwMH0sInNjaGVtYV92ZXJzaW9uIjoiMSJ9",
          "dependencies": [
            "aws_vpc.main"
          ],
          "create_before_destroy": true
        }
      ]
    },
    {
      "mode": "managed",
      "type": "aws_subnet",
      "name": "public",
      "provider": "provider[\"registry.terraform.io/hashicorp/aws\"]",
      "instances": [
        {
          "index_key": 0,
          "schema_version": 1,
          "attributes": {
            "arn": "arn:aws:ec2:us-east-1:285654864320:subnet/subnet-09198a3f1f1f9716b",
            "assign_ipv6_address_on_creation": false,
            "availability_zone": "us-east-1a",
            "availability_zone_id": "use1-az4",
            "cidr_block": "10.0.101.0/24",
            "customer_owned_ipv4_pool": "",
            "enable_dns64": false,
            "enable_lni_at_device_index": 0,
            "enable_resource_name_dns_a_record_on_launch": false,
            "enable_resource_name_dns_aaaa_record_on_launch": false,
            "id": "subnet-09198a3f1f1f9716b",
            "ipv6_cidr_block": "",
            "ipv6_cidr_block_association_id": "",
            "ipv6_native": false,
            "map_customer_owned_ip_on_launch": false,
            "map_public_ip_on_launch": false,
            "outpost_arn": "",
            "owner_id": "285654864320",
            "private_dns_hostname_type_on_launch": "ip-name",
            "tags": {
              "Environment": "Academy",
              "ManagedBy": "Terraform",
              "Name": "orderflow-public-subnet-1",
              "Owner": "Student",
              "Project": "OrderFlow",
              "kubernetes.io/cluster/orderflow-dev": "shared",
              "kubernetes.io/role/elb": "1"
            },
            "tags_all": {
              "Environment": "Academy",
              "ManagedBy": "Terraform",
              "Name": "orderflow-public-subnet-1",
              "Owner": "Student",
              "Project": "OrderFlow",
              "kubernetes.io/cluster/orderflow-dev": "shared",
              "kubernetes.io/role/elb": "1"
            },
            "timeouts": null,
            "vpc_id": "vpc-078a7deaeae5f95da"
          },
          "sensitive_attributes": [],
          "identity_schema_version": 0,
          "private": "eyJlMmJmYjczMC1lY2FhLTExZTYtOGY4OC0zNDM2M2JjN2M0YzAiOnsiY3JlYXRlIjo2MDAwMDAwMDAwMDAsImRlbGV0ZSI6MTIwMDAwMDAwMDAwMH0sInNjaGVtYV92ZXJzaW9uIjoiMSJ9",
          "dependencies": [
            "aws_vpc.main"
          ]
        },
        {
          "index_key": 1,
          "schema_version": 1,
          "attributes": {
            "arn": "arn:aws:ec2:us-east-1:285654864320:subnet/subnet-0413f862345969795",
            "assign_ipv6_address_on_creation": false,
            "availability_zone": "us-east-1b",
            "availability_zone_id": "use1-az6",
            "cidr_block": "10.0.102.0/24",
            "customer_owned_ipv4_pool": "",
            "enable_dns64": false,
            "enable_lni_at_device_index": 0,
            "enable_resource_name_dns_a_record_on_launch": false,
            "enable_resource_name_dns_aaaa_record_on_launch": false,
            "id": "subnet-0413f862345969795",
            "ipv6_cidr_block": "",
            "ipv6_cidr_block_association_id": "",
            "ipv6_native": false,
            "map_customer_owned_ip_on_launch": false,
            "map_public_ip_on_launch": false,
            "outpost_arn": "",
            "owner_id": "285654864320",
            "private_dns_hostname_type_on_launch": "ip-name",
            "tags": {
              "Environment": "Academy",
              "ManagedBy": "Terraform",
              "Name": "orderflow-public-subnet-2",
              "Owner": "Student",
              "Project": "OrderFlow",
              "kubernetes.io/cluster/orderflow-dev": "shared",
              "kubernetes.io/role/elb": "1"
            },
            "tags_all": {
              "Environment": "Academy",
              "ManagedBy": "Terraform",
              "Name": "orderflow-public-subnet-2",
              "Owner": "Student",
              "Project": "OrderFlow",
              "kubernetes.io/cluster/orderflow-dev": "shared",
              "kubernetes.io/role/elb": "1"
            },
            "timeouts": null,
            "vpc_id": "vpc-078a7deaeae5f95da"
          },
          "sensitive_attributes": [],
          "identity_schema_version": 0,
          "private": "eyJlMmJmYjczMC1lY2FhLTExZTYtOGY4OC0zNDM2M2JjN2M0YzAiOnsiY3JlYXRlIjo2MDAwMDAwMDAwMDAsImRlbGV0ZSI6MTIwMDAwMDAwMDAwMH0sInNjaGVtYV92ZXJzaW9uIjoiMSJ9",
          "dependencies": [
            "aws_vpc.main"
          ]
        }
      ]
    },
    {
      "mode": "managed",
      "type": "aws_vpc",
      "name": "main",
      "provider": "provider[\"registry.terraform.io/hashicorp/aws\"]",
      "instances": [
        {
          "schema_version": 1,
          "attributes": {
            "arn": "arn:aws:ec2:us-east-1:285654864320:vpc/vpc-078a7deaeae5f95da",
            "assign_generated_ipv6_cidr_block": false,
            "cidr_block": "10.0.0.0/16",
            "default_network_acl_id": "acl-0ac53a5066d5befac",
            "default_route_table_id": "rtb-0dc16b11c764d9f4f",
            "default_security_group_id": "sg-0fb666cc3f91e0b88",
            "dhcp_options_id": "dopt-0c46ee159d07ba51f",
            "enable_dns_hostnames": true,
            "enable_dns_support": true,
            "enable_network_address_usage_metrics": false,
            "id": "vpc-078a7deaeae5f95da",
            "instance_tenancy": "default",
            "ipv4_ipam_pool_id": null,
            "ipv4_netmask_length": null,
            "ipv6_association_id": "",
            "ipv6_cidr_block": "",
            "ipv6_cidr_block_network_border_group": "",
            "ipv6_ipam_pool_id": "",
            "ipv6_netmask_length": 0,
            "main_route_table_id": "rtb-0dc16b11c764d9f4f",
            "owner_id": "285654864320",
            "tags": {
              "Environment": "Academy",
              "ManagedBy": "Terraform",
              "Name": "orderflow-vpc",
              "Owner": "Student",
              "Project": "OrderFlow",
              "kubernetes.io/cluster/orderflow-dev": "shared"
            },
            "tags_all": {
              "Environment": "Academy",
              "ManagedBy": "Terraform",
              "Name": "orderflow-vpc",
              "Owner": "Student",
              "Project": "OrderFlow",
              "kubernetes.io/cluster/orderflow-dev": "shared"
            }
          },
          "sensitive_attributes": [],
          "identity_schema_version": 0,
          "private": "eyJzY2hlbWFfdmVyc2lvbiI6IjEifQ==",
          "create_before_destroy": true
        }
      ]
    },
    {
      "mode": "managed",
      "type": "tls_private_key",
      "name": "eks_nodes",
      "provider": "provider[\"registry.terraform.io/hashicorp/tls\"]",
      "instances": [
        {
          "schema_version": 1,
          "attributes": {
            "algorithm": "RSA",
            "ecdsa_curve": "P224",
            "id": "67d38edbb4a45b8c879f68fc2f42bd3ab6ead282",
            "private_key_openssh": "-----BEGIN OPENSSH PRIVATE KEY-----\nb3BlbnNzaC1rZXktdjEAAAAABG5vbmUAAAAEbm9uZQAAAAAAAAABAAACFwAAAAdz\nc2gtcnNhAAAAAwEAAQAAAgEA02qFA1tBS+pj7M/+MNKjIiuMN4lZtmkvfjWcaEhl\nhOJb2ls4ZzSO8B+v4L9Pl+U6CWSlrDa7EYMxEOj138mOXQVr3rg4CCuHnRAA6tlW\nrF8uitX9dIfT4x6kQx1/2C1p6VLNGrAaexNjerRPte5ZCTvEZ6Pmtu+Mzi2wN4fV\nmLkilVttARGFPIG4bDBSXQqMY8m7n0vB4sXk8GukJaUUgkl7NbMc+iUUW00/eNog\n2zHDvVEKFIvVeBd7eHRLf5hJCEjYDkUJYYKNjRN/EGool96r+6aUmBy5AuAfJbEY\nWLAzCnEz3e3nZOR7QEuq98/bLRl1HtLlX4vOsWloFnIvL4UTu06vhSlvvJwFL2vh\nLbW4Yi4ZliEngrHjCJq6Qf2YLYidMbe8YY0+HoPEat3ZZtd81NT7mO3BXe0Ck+4K\nZ40g5Pvid4fH+6ojNasXcLas6nus7mbx7DvaX/JlaVTSUcJMKArbfyF/Xqd4bW5T\nXTGOoWN0+47rFEytqLEoVrVuGPOAn1NhW2or35oRMexROFshjtfgIfH/+OsI36py\nJrKeoraR4xZmgI1kLs5Vfy0nupf0GVWnqMeqWzPPazLkyry1tBhzyCoS3OX0g5mS\nQWf0nMhF50dAGtd7tzZ8oBOY159ngwIIfiWJUTqunJsERR6HyzFMenOY4Uwk5hKI\nwpcAAAc4Vzu2Jlc7tiYAAAAHc3NoLXJzYQAAAgEA02qFA1tBS+pj7M/+MNKjIiuM\nN4lZtmkvfjWcaEhlhOJb2ls4ZzSO8B+v4L9Pl+U6CWSlrDa7EYMxEOj138mOXQVr\n3rg4CCuHnRAA6tlWrF8uitX9dIfT4x6kQx1/2C1p6VLNGrAaexNjerRPte5ZCTvE\nZ6Pmtu+Mzi2wN4fVmLkilVttARGFPIG4bDBSXQqMY8m7n0vB4sXk8GukJaUUgkl7\nNbMc+iUUW00/eNog2zHDvVEKFIvVeBd7eHRLf5hJCEjYDkUJYYKNjRN/EGool96r\n+6aUmBy5AuAfJbEYWLAzCnEz3e3nZOR7QEuq98/bLRl1HtLlX4vOsWloFnIvL4UT\nu06vhSlvvJwFL2vhLbW4Yi4ZliEngrHjCJq6Qf2YLYidMbe8YY0+HoPEat3ZZtd8\n1NT7mO3BXe0Ck+4KZ40g5Pvid4fH+6ojNasXcLas6nus7mbx7DvaX/JlaVTSUcJM\nKArbfyF/Xqd4bW5TXTGOoWN0+47rFEytqLEoVrVuGPOAn1NhW2or35oRMexROFsh\njtfgIfH/+OsI36pyJrKeoraR4xZmgI1kLs5Vfy0nupf0GVWnqMeqWzPPazLkyry1\ntBhzyCoS3OX0g5mSQWf0nMhF50dAGtd7tzZ8oBOY159ngwIIfiWJUTqunJsERR6H\nyzFMenOY4Uwk5hKIwpcAAAADAQABAAACAFNYmISYura/elJXMxozSB3F9jrEuqnn\ncNI8N2ODOwZ2qIh+Us+ZEErI6zDaqvmyZD1kwM2SLBB83GCSvq/RSX8RjpOYo3pR\nEt8P+pSbRwigY3xXXVrN23Ib190fqZFjYfAadQJy75WasKqkoBIUm2RA/C5xlpiC\n+ssjhud1dPcG8YPZLbFwo0qVx0tbh3Tnni4Ozxk/J/oLUzSW8vjmSh4M8vZaHO/e\no1ZVL1MpBy/yv/yIEMXF1MvJ0iLMEiGEuzH5abfCbq7S5ZP63ipt93/byIhmhQks\ntaFVEuJsnTEFkbGprC1vRzxmuNJBom6csobmlN4ofUW8G6mkaOUEceX92Fy8smkp\nUw+CunepovmEbwjBnCX/TqkTrsdqz230ipUt8HPvjhVcGH/GJJ0W+FF/4waZAWDF\nrl8HTLjUrURUKRDqtQ+F78DeaMBInHBtXSz89SA53s6dOqtqfiHeCRRKG1R9vh9W\nYtwuxZMjEdyFaybCJoc0UW9lHuKrauI0AT7okpasu0PO2TLeRaRH677nyrwFfs6h\n2MQ/5R7n0EWIcz/VXas9I/HDEuFo/1ufHIcsmDJt+Sw4hfcmv84RI+JeHS1hmZ4a\niV1XGbR67/K8OIYFYvv9360EuKpE91onVBZ/zAcZ8n/FhJlPzrKB8BnkRIY3klEf\ntPQHkum1Am9hAAABAQCZ267fV/SXHFdiKkBJrh1s+VyPpYfphixNVxaUwLn+PiPm\nQWOJETNr7Ep68ecpVldNiLF+Qe2jUQXiAdPhEwgQviNHHiZiGammvqO2L07RnCfT\n/sZLr/kj2B9egryUYJqSZw1cqlOKUrSEhmS+H60rR9WFb8NiJRYV8Tj1Ues8jLJ4\n/UVu24QVnGTn3xth3zJfwWnbDcfqj6axKOrhi6Pz2Emc/mG6ZJ4kT36TE8b5zXuo\ngPDXlNh9Tw6ajitbBAKrVZrJRH0h6J9wq65QqcRn5jL4GwENoKpVrFrLxbBCwAkT\nFr3ZfMXXXsDwqeZgVVntajORPaUVrdhxUxvducU3AAABAQD0AtgYFnYh3Qzfv7nr\nIm9e7oioJLAXEjlzKdv+stHdOLCBMMGIy91g6T2dYSbT42nqjzZmRMRb0uetQ4IK\nmhNrzCnNm0viSPWIoRIQoKK5PjTMGBinjFGxT7rjCwXpr7XBZsySk7rq3r9vbrrM\nEFy690pf5CK6iZF6fll9J46K7eZRXTnkIjk9OzIMNcBt8BStMviBV7FOdOHgIsAu\nZ1Y8gxTbO3aa8Zplug9C/wJ0nxshgObGoE8muXVwbPRaGnxxlO/A7OK1HvYgOH24\n4A1SA0o42vkprR+0yvmwD3+pC8bG37B7ffrfCBzIM4vTZl4dBnwYcEZlsg8CD5aP\n59khAAABAQDdzbKMGfvseeHcBzXM5S1KOVpKzxtNgjiNAa7zEQbZbZN3bC6Ms/8K\nkeLezc8l37qbKxOGgnTYAzug/ExFJSm5AsH4ZqW7zquLzh7GPMpLyuJ4hh02ZGox\nRf9b8KgSlC6SlXWeGEjImNF/gpEr6PzLWfXN0IPn3Av/ibssMxnQF20y+aoOsbbu\nIBkC/rT/2R4ioKTpPUcwsgEpwA072ny/XPE1MooKhKZGX9l7le9SihivwwZYb+Ck\n94oWhueJTNMyGUk/DtkrOB9YWXuE/TGmyXabrKYziNsJvnf2IMzwydseSnNKZUyl\nGiI/C7nZ+eJih5TISgbcj8sGthKWvwy3AAAAAAEC\n-----END OPENSSH PRIVATE KEY-----\n",
            "private_key_pem": "-----BEGIN RSA PRIVATE KEY-----\nMIIJKQIBAAKCAgEA02qFA1tBS+pj7M/+MNKjIiuMN4lZtmkvfjWcaEhlhOJb2ls4\nZzSO8B+v4L9Pl+U6CWSlrDa7EYMxEOj138mOXQVr3rg4CCuHnRAA6tlWrF8uitX9\ndIfT4x6kQx1/2C1p6VLNGrAaexNjerRPte5ZCTvEZ6Pmtu+Mzi2wN4fVmLkilVtt\nARGFPIG4bDBSXQqMY8m7n0vB4sXk8GukJaUUgkl7NbMc+iUUW00/eNog2zHDvVEK\nFIvVeBd7eHRLf5hJCEjYDkUJYYKNjRN/EGool96r+6aUmBy5AuAfJbEYWLAzCnEz\n3e3nZOR7QEuq98/bLRl1HtLlX4vOsWloFnIvL4UTu06vhSlvvJwFL2vhLbW4Yi4Z\nliEngrHjCJq6Qf2YLYidMbe8YY0+HoPEat3ZZtd81NT7mO3BXe0Ck+4KZ40g5Pvi\nd4fH+6ojNasXcLas6nus7mbx7DvaX/JlaVTSUcJMKArbfyF/Xqd4bW5TXTGOoWN0\n+47rFEytqLEoVrVuGPOAn1NhW2or35oRMexROFshjtfgIfH/+OsI36pyJrKeoraR\n4xZmgI1kLs5Vfy0nupf0GVWnqMeqWzPPazLkyry1tBhzyCoS3OX0g5mSQWf0nMhF\n50dAGtd7tzZ8oBOY159ngwIIfiWJUTqunJsERR6HyzFMenOY4Uwk5hKIwpcCAwEA\nAQKCAgBTWJiEmLq2v3pSVzMaM0gdxfY6xLqp53DSPDdjgzsGdqiIflLPmRBKyOsw\n2qr5smQ9ZMDNkiwQfNxgkr6v0Ul/EY6TmKN6URLfD/qUm0cIoGN8V11azdtyG9fd\nH6mRY2HwGnUCcu+VmrCqpKASFJtkQPwucZaYgvrLI4bndXT3BvGD2S2xcKNKlcdL\nW4d0554uDs8ZPyf6C1M0lvL45koeDPL2Whzv3qNWVS9TKQcv8r/8iBDFxdTLydIi\nzBIhhLsx+Wm3wm6u0uWT+t4qbfd/28iIZoUJLLWhVRLibJ0xBZGxqawtb0c8ZrjS\nQaJunLKG5pTeKH1FvBuppGjlBHHl/dhcvLJpKVMPgrp3qaL5hG8IwZwl/06pE67H\nas9t9IqVLfBz744VXBh/xiSdFvhRf+MGmQFgxa5fB0y41K1EVCkQ6rUPhe/A3mjA\nSJxwbV0s/PUgOd7OnTqran4h3gkUShtUfb4fVmLcLsWTIxHchWsmwiaHNFFvZR7i\nq2riNAE+6JKWrLtDztky3kWkR+u+58q8BX7OodjEP+Ue59BFiHM/1V2rPSPxwxLh\naP9bnxyHLJgybfksOIX3Jr/OESPiXh0tYZmeGoldVxm0eu/yvDiGBWL7/d+tBLiq\nRPdaJ1QWf8wHGfJ/xYSZT86ygfAZ5ESGN5JRH7T0B5LptQJvYQKCAQEA9ALYGBZ2\nId0M37+56yJvXu6IqCSwFxI5cynb/rLR3TiwgTDBiMvdYOk9nWEm0+Np6o82ZkTE\nW9LnrUOCCpoTa8wpzZtL4kj1iKESEKCiuT40zBgYp4xRsU+64wsF6a+1wWbMkpO6\n6t6/b266zBBcuvdKX+QiuomRen5ZfSeOiu3mUV055CI5PTsyDDXAbfAUrTL4gVex\nTnTh4CLALmdWPIMU2zt2mvGaZboPQv8CdJ8bIYDmxqBPJrl1cGz0Whp8cZTvwOzi\ntR72IDh9uOANUgNKONr5Ka0ftMr5sA9/qQvGxt+we3363wgcyDOL02ZeHQZ8GHBG\nZbIPAg+Wj+fZIQKCAQEA3c2yjBn77Hnh3Ac1zOUtSjlaSs8bTYI4jQGu8xEG2W2T\nd2wujLP/CpHi3s3PJd+6mysThoJ02AM7oPxMRSUpuQLB+Galu86ri84exjzKS8ri\neIYdNmRqMUX/W/CoEpQukpV1nhhIyJjRf4KRK+j8y1n1zdCD59wL/4m7LDMZ0Bdt\nMvmqDrG27iAZAv60/9keIqCk6T1HMLIBKcANO9p8v1zxNTKKCoSmRl/Ze5XvUooY\nr8MGWG/gpPeKFobniUzTMhlJPw7ZKzgfWFl7hP0xpsl2m6ymM4jbCb539iDM8Mnb\nHkpzSmVMpRoiPwu52fniYoeUyEoG3I/LBrYSlr8MtwKCAQEAqdUo7msDwcIG6dyZ\n3ExVU6+WMeGHJierELq7weRYKS8BuoliyoGKDZ+JIPazfZq052rSJBAM0xRR58gq\nxJJEniy1k8NY56B8NKJW3nfPijr/qGXFEyiY215w5wGPFf0T9g5EqGhmGn76ouZg\n4RMqV38yptc0TLzfInC6fF+B2LSIL21Bk8U2LaX7yX/H9Ty6R2pIiE2uvLqhU80c\nEbAe13MsmwIiJOmv2snLQYgX/2+WBJWhCfId5QgD80ICOIxivPM6g/7cM8/e4sIu\nzvQykTh0+ml+LkGu5bi4XJAM/G2T5mtefDVM3NranYUy9uoy6uTOjnvmo3Vw+LA8\nzOBDwQKCAQB7OCLQoj7KCIvo6DiDM24Npf77QEMys/0mmKDQd80OTUl3NqpFkFlH\nTfRzQnKp37iTK0MVnrO6rVEbBg54+0RKe7W2gY/g3dd/O2rtRig8IuHdguQHq5Ey\n/mf2c6NrbtbQqCdHRMZqajs4UxjDBBQsBDYBuK0OybgApktNKrZUXC9V+kz3DNNL\nRpmeiFGVMNEE+6mhyWEbNEhhIUg40BAtXzzBCOqXHUoiHm17srfZas58FiQYTU7H\nVp1oFlnadMt/MXz3gxAyamM/ebadEuvadGFn6moKhyToLOAH5AD2Y61PDp0t30jN\nD8+mpqUA60lQ43FMM5PMRDXN7Kg3BrvRAoIBAQCZ267fV/SXHFdiKkBJrh1s+VyP\npYfphixNVxaUwLn+PiPmQWOJETNr7Ep68ecpVldNiLF+Qe2jUQXiAdPhEwgQviNH\nHiZiGammvqO2L07RnCfT/sZLr/kj2B9egryUYJqSZw1cqlOKUrSEhmS+H60rR9WF\nb8NiJRYV8Tj1Ues8jLJ4/UVu24QVnGTn3xth3zJfwWnbDcfqj6axKOrhi6Pz2Emc\n/mG6ZJ4kT36TE8b5zXuogPDXlNh9Tw6ajitbBAKrVZrJRH0h6J9wq65QqcRn5jL4\nGwENoKpVrFrLxbBCwAkTFr3ZfMXXXsDwqeZgVVntajORPaUVrdhxUxvducU3\n-----END RSA PRIVATE KEY-----\n",
            "private_key_pem_pkcs8": "-----BEGIN PRIVATE KEY-----\nMIIJQwIBADANBgkqhkiG9w0BAQEFAASCCS0wggkpAgEAAoICAQDTaoUDW0FL6mPs\nz/4w0qMiK4w3iVm2aS9+NZxoSGWE4lvaWzhnNI7wH6/gv0+X5ToJZKWsNrsRgzEQ\n6PXfyY5dBWveuDgIK4edEADq2VasXy6K1f10h9PjHqRDHX/YLWnpUs0asBp7E2N6\ntE+17lkJO8Rno+a274zOLbA3h9WYuSKVW20BEYU8gbhsMFJdCoxjybufS8HixeTw\na6QlpRSCSXs1sxz6JRRbTT942iDbMcO9UQoUi9V4F3t4dEt/mEkISNgORQlhgo2N\nE38QaiiX3qv7ppSYHLkC4B8lsRhYsDMKcTPd7edk5HtAS6r3z9stGXUe0uVfi86x\naWgWci8vhRO7Tq+FKW+8nAUva+EttbhiLhmWISeCseMImrpB/ZgtiJ0xt7xhjT4e\ng8Rq3dlm13zU1PuY7cFd7QKT7gpnjSDk++J3h8f7qiM1qxdwtqzqe6zuZvHsO9pf\n8mVpVNJRwkwoCtt/IX9ep3htblNdMY6hY3T7jusUTK2osShWtW4Y84CfU2Fbaivf\nmhEx7FE4WyGO1+Ah8f/46wjfqnImsp6itpHjFmaAjWQuzlV/LSe6l/QZVaeox6pb\nM89rMuTKvLW0GHPIKhLc5fSDmZJBZ/ScyEXnR0Aa13u3NnygE5jXn2eDAgh+JYlR\nOq6cmwRFHofLMUx6c5jhTCTmEojClwIDAQABAoICAFNYmISYura/elJXMxozSB3F\n9jrEuqnncNI8N2ODOwZ2qIh+Us+ZEErI6zDaqvmyZD1kwM2SLBB83GCSvq/RSX8R\njpOYo3pREt8P+pSbRwigY3xXXVrN23Ib190fqZFjYfAadQJy75WasKqkoBIUm2RA\n/C5xlpiC+ssjhud1dPcG8YPZLbFwo0qVx0tbh3Tnni4Ozxk/J/oLUzSW8vjmSh4M\n8vZaHO/eo1ZVL1MpBy/yv/yIEMXF1MvJ0iLMEiGEuzH5abfCbq7S5ZP63ipt93/b\nyIhmhQkstaFVEuJsnTEFkbGprC1vRzxmuNJBom6csobmlN4ofUW8G6mkaOUEceX9\n2Fy8smkpUw+CunepovmEbwjBnCX/TqkTrsdqz230ipUt8HPvjhVcGH/GJJ0W+FF/\n4waZAWDFrl8HTLjUrURUKRDqtQ+F78DeaMBInHBtXSz89SA53s6dOqtqfiHeCRRK\nG1R9vh9WYtwuxZMjEdyFaybCJoc0UW9lHuKrauI0AT7okpasu0PO2TLeRaRH677n\nyrwFfs6h2MQ/5R7n0EWIcz/VXas9I/HDEuFo/1ufHIcsmDJt+Sw4hfcmv84RI+Je\nHS1hmZ4aiV1XGbR67/K8OIYFYvv9360EuKpE91onVBZ/zAcZ8n/FhJlPzrKB8Bnk\nRIY3klEftPQHkum1Am9hAoIBAQD0AtgYFnYh3Qzfv7nrIm9e7oioJLAXEjlzKdv+\nstHdOLCBMMGIy91g6T2dYSbT42nqjzZmRMRb0uetQ4IKmhNrzCnNm0viSPWIoRIQ\noKK5PjTMGBinjFGxT7rjCwXpr7XBZsySk7rq3r9vbrrMEFy690pf5CK6iZF6fll9\nJ46K7eZRXTnkIjk9OzIMNcBt8BStMviBV7FOdOHgIsAuZ1Y8gxTbO3aa8Zplug9C\n/wJ0nxshgObGoE8muXVwbPRaGnxxlO/A7OK1HvYgOH244A1SA0o42vkprR+0yvmw\nD3+pC8bG37B7ffrfCBzIM4vTZl4dBnwYcEZlsg8CD5aP59khAoIBAQDdzbKMGfvs\neeHcBzXM5S1KOVpKzxtNgjiNAa7zEQbZbZN3bC6Ms/8KkeLezc8l37qbKxOGgnTY\nAzug/ExFJSm5AsH4ZqW7zquLzh7GPMpLyuJ4hh02ZGoxRf9b8KgSlC6SlXWeGEjI\nmNF/gpEr6PzLWfXN0IPn3Av/ibssMxnQF20y+aoOsbbuIBkC/rT/2R4ioKTpPUcw\nsgEpwA072ny/XPE1MooKhKZGX9l7le9SihivwwZYb+Ck94oWhueJTNMyGUk/Dtkr\nOB9YWXuE/TGmyXabrKYziNsJvnf2IMzwydseSnNKZUylGiI/C7nZ+eJih5TISgbc\nj8sGthKWvwy3AoIBAQCp1SjuawPBwgbp3JncTFVTr5Yx4YcmJ6sQurvB5FgpLwG6\niWLKgYoNn4kg9rN9mrTnatIkEAzTFFHnyCrEkkSeLLWTw1jnoHw0olbed8+KOv+o\nZcUTKJjbXnDnAY8V/RP2DkSoaGYafvqi5mDhEypXfzKm1zRMvN8icLp8X4HYtIgv\nbUGTxTYtpfvJf8f1PLpHakiITa68uqFTzRwRsB7XcyybAiIk6a/ayctBiBf/b5YE\nlaEJ8h3lCAPzQgI4jGK88zqD/twzz97iwi7O9DKROHT6aX4uQa7luLhckAz8bZPm\na158NUzc2tqdhTL26jLq5M6Oe+ajdXD4sDzM4EPBAoIBAHs4ItCiPsoIi+joOIMz\nbg2l/vtAQzKz/SaYoNB3zQ5NSXc2qkWQWUdN9HNCcqnfuJMrQxWes7qtURsGDnj7\nREp7tbaBj+Dd1387au1GKDwi4d2C5AerkTL+Z/Zzo2tu1tCoJ0dExmpqOzhTGMME\nFCwENgG4rQ7JuACmS00qtlRcL1X6TPcM00tGmZ6IUZUw0QT7qaHJYRs0SGEhSDjQ\nEC1fPMEI6pcdSiIebXuyt9lqznwWJBhNTsdWnWgWWdp0y38xfPeDEDJqYz95tp0S\n69p0YWfqagqHJOgs4AfkAPZjrU8OnS3fSM0Pz6ampQDrSVDjcUwzk8xENc3sqDcG\nu9ECggEBAJnbrt9X9JccV2IqQEmuHWz5XI+lh+mGLE1XFpTAuf4+I+ZBY4kRM2vs\nSnrx5ylWV02IsX5B7aNRBeIB0+ETCBC+I0ceJmIZqaa+o7YvTtGcJ9P+xkuv+SPY\nH16CvJRgmpJnDVyqU4pStISGZL4frStH1YVvw2IlFhXxOPVR6zyMsnj9RW7bhBWc\nZOffG2HfMl/BadsNx+qPprEo6uGLo/PYSZz+YbpkniRPfpMTxvnNe6iA8NeU2H1P\nDpqOK1sEAqtVmslEfSHon3CrrlCpxGfmMvgbAQ2gqlWsWsvFsELACRMWvdl8xdde\nwPCp5mBVWe1qM5E9pRWt2HFTG925xTc=\n-----END PRIVATE KEY-----\n",
            "public_key_fingerprint_md5": "be:08:86:05:4d:5c:20:09:b0:7c:a3:02:08:74:b9:c2",
            "public_key_fingerprint_sha256": "SHA256:a+vlh/F4xvwQJ/xa4P3dXMPX5JgFX2SeqCrYEIxpgw8",
            "public_key_openssh": "ssh-rsa AAAAB3NzaC1yc2EAAAADAQABAAACAQDTaoUDW0FL6mPsz/4w0qMiK4w3iVm2aS9+NZxoSGWE4lvaWzhnNI7wH6/gv0+X5ToJZKWsNrsRgzEQ6PXfyY5dBWveuDgIK4edEADq2VasXy6K1f10h9PjHqRDHX/YLWnpUs0asBp7E2N6tE+17lkJO8Rno+a274zOLbA3h9WYuSKVW20BEYU8gbhsMFJdCoxjybufS8HixeTwa6QlpRSCSXs1sxz6JRRbTT942iDbMcO9UQoUi9V4F3t4dEt/mEkISNgORQlhgo2NE38QaiiX3qv7ppSYHLkC4B8lsRhYsDMKcTPd7edk5HtAS6r3z9stGXUe0uVfi86xaWgWci8vhRO7Tq+FKW+8nAUva+EttbhiLhmWISeCseMImrpB/ZgtiJ0xt7xhjT4eg8Rq3dlm13zU1PuY7cFd7QKT7gpnjSDk++J3h8f7qiM1qxdwtqzqe6zuZvHsO9pf8mVpVNJRwkwoCtt/IX9ep3htblNdMY6hY3T7jusUTK2osShWtW4Y84CfU2FbaivfmhEx7FE4WyGO1+Ah8f/46wjfqnImsp6itpHjFmaAjWQuzlV/LSe6l/QZVaeox6pbM89rMuTKvLW0GHPIKhLc5fSDmZJBZ/ScyEXnR0Aa13u3NnygE5jXn2eDAgh+JYlROq6cmwRFHofLMUx6c5jhTCTmEojClw==\n",
            "public_key_pem": "-----BEGIN PUBLIC KEY-----\nMIICIjANBgkqhkiG9w0BAQEFAAOCAg8AMIICCgKCAgEA02qFA1tBS+pj7M/+MNKj\nIiuMN4lZtmkvfjWcaEhlhOJb2ls4ZzSO8B+v4L9Pl+U6CWSlrDa7EYMxEOj138mO\nXQVr3rg4CCuHnRAA6tlWrF8uitX9dIfT4x6kQx1/2C1p6VLNGrAaexNjerRPte5Z\nCTvEZ6Pmtu+Mzi2wN4fVmLkilVttARGFPIG4bDBSXQqMY8m7n0vB4sXk8GukJaUU\ngkl7NbMc+iUUW00/eNog2zHDvVEKFIvVeBd7eHRLf5hJCEjYDkUJYYKNjRN/EGoo\nl96r+6aUmBy5AuAfJbEYWLAzCnEz3e3nZOR7QEuq98/bLRl1HtLlX4vOsWloFnIv\nL4UTu06vhSlvvJwFL2vhLbW4Yi4ZliEngrHjCJq6Qf2YLYidMbe8YY0+HoPEat3Z\nZtd81NT7mO3BXe0Ck+4KZ40g5Pvid4fH+6ojNasXcLas6nus7mbx7DvaX/JlaVTS\nUcJMKArbfyF/Xqd4bW5TXTGOoWN0+47rFEytqLEoVrVuGPOAn1NhW2or35oRMexR\nOFshjtfgIfH/+OsI36pyJrKeoraR4xZmgI1kLs5Vfy0nupf0GVWnqMeqWzPPazLk\nyry1tBhzyCoS3OX0g5mSQWf0nMhF50dAGtd7tzZ8oBOY159ngwIIfiWJUTqunJsE\nRR6HyzFMenOY4Uwk5hKIwpcCAwEAAQ==\n-----END PUBLIC KEY-----\n",
            "rsa_bits": 4096
          },
          "sensitive_attributes": [
            [
              {
                "type": "get_attr",
                "value": "private_key_openssh"
              }
            ],
            [
              {
                "type": "get_attr",
                "value": "private_key_pem"
              }
            ],
            [
              {
                "type": "get_attr",
                "value": "private_key_pem_pkcs8"
              }
            ]
          ],
          "identity_schema_version": 0
        }
      ]
    },
    {
      "module": "module.cloudwatch_kms_key",
      "mode": "data",
      "type": "aws_caller_identity",
      "name": "current",
      "provider": "provider[\"registry.terraform.io/hashicorp/aws\"]",
      "instances": [
        {
          "schema_version": 0,
          "attributes": {
            "account_id": "285654864320",
            "arn": "arn:aws:sts::285654864320:assumed-role/voclabs/user924043=Tharlys_de_Souza_Dias",
            "id": "285654864320",
            "user_id": "AROAUFAS3KHAKKVL6CCJS:user924043=Tharlys_de_Souza_Dias"
          },
          "sensitive_attributes": [],
          "identity_schema_version": 0
        }
      ]
    },
    {
      "module": "module.cloudwatch_kms_key",
      "mode": "data",
      "type": "aws_iam_policy_document",
      "name": "this",
      "provider": "provider[\"registry.terraform.io/hashicorp/aws\"]",
      "instances": [
        {
          "index_key": 0,
          "schema_version": 0,
          "attributes": {
            "id": "3580400571",
            "json": "{\n  \"Version\": \"2012-10-17\",\n  \"Statement\": [\n    {\n      \"Sid\": \"Default\",\n      \"Effect\": \"Allow\",\n      \"Action\": \"kms:*\",\n      \"Resource\": \"*\",\n      \"Principal\": {\n        \"AWS\": \"arn:aws:iam::285654864320:root\"\n      }\n    }\n  ]\n}",
            "minified_json": "{\"Version\":\"2012-10-17\",\"Statement\":[{\"Sid\":\"Default\",\"Effect\":\"Allow\",\"Action\":\"kms:*\",\"Resource\":\"*\",\"Principal\":{\"AWS\":\"arn:aws:iam::285654864320:root\"}}]}",
            "override_json": null,
            "override_policy_documents": null,
            "policy_id": null,
            "source_json": null,
            "source_policy_documents": null,
            "statement": [
              {
                "actions": [
                  "kms:*"
                ],
                "condition": [],
                "effect": "Allow",
                "not_actions": [],
                "not_principals": [],
                "not_resources": [],
                "principals": [
                  {
                    "identifiers": [
                      "arn:aws:iam::285654864320:root"
                    ],
                    "type": "AWS"
                  }
                ],
                "resources": [
                  "*"
                ],
                "sid": "Default"
              }
            ],
            "version": "2012-10-17"
          },
          "sensitive_attributes": [],
          "identity_schema_version": 0
        }
      ]
    },
    {
      "module": "module.cloudwatch_kms_key",
      "mode": "data",
      "type": "aws_partition",
      "name": "current",
      "provider": "provider[\"registry.terraform.io/hashicorp/aws\"]",
      "instances": [
        {
          "schema_version": 0,
          "attributes": {
            "dns_suffix": "amazonaws.com",
            "id": "aws",
            "partition": "aws",
            "reverse_dns_prefix": "com.amazonaws"
          },
          "sensitive_attributes": [],
          "identity_schema_version": 0
        }
      ]
    },
    {
      "module": "module.cloudwatch_kms_key",
      "mode": "managed",
      "type": "aws_kms_alias",
      "name": "this",
      "provider": "provider[\"registry.terraform.io/hashicorp/aws\"]",
      "instances": [
        {
          "index_key": "eks/orderflow-dev/cloudwatch",
          "schema_version": 0,
          "attributes": {
            "arn": "arn:aws:kms:us-east-1:285654864320:alias/eks/orderflow-dev/cloudwatch",
            "id": "alias/eks/orderflow-dev/cloudwatch",
            "name": "alias/eks/orderflow-dev/cloudwatch",
            "name_prefix": "",
            "target_key_arn": "arn:aws:kms:us-east-1:285654864320:key/4b14ed8c-9f44-4d60-9a15-d9693ddd5c00",
            "target_key_id": "4b14ed8c-9f44-4d60-9a15-d9693ddd5c00"
          },
          "sensitive_attributes": [],
          "identity_schema_version": 0,
          "private": "bnVsbA==",
          "dependencies": [
            "module.cloudwatch_kms_key.aws_kms_external_key.this",
            "module.cloudwatch_kms_key.aws_kms_key.this",
            "module.cloudwatch_kms_key.aws_kms_replica_external_key.this",
            "module.cloudwatch_kms_key.aws_kms_replica_key.this",
            "module.cloudwatch_kms_key.data.aws_caller_identity.current",
            "module.cloudwatch_kms_key.data.aws_iam_policy_document.this",
            "module.cloudwatch_kms_key.data.aws_partition.current"
          ]
        }
      ]
    },
    {
      "module": "module.cloudwatch_kms_key",
      "mode": "managed",
      "type": "aws_kms_external_key",
      "name": "this",
      "provider": "provider[\"registry.terraform.io/hashicorp/aws\"]",
      "instances": []
    },
    {
      "module": "module.cloudwatch_kms_key",
      "mode": "managed",
      "type": "aws_kms_grant",
      "name": "this",
      "provider": "provider[\"registry.terraform.io/hashicorp/aws\"]",
      "instances": []
    },
    {
      "module": "module.cloudwatch_kms_key",
      "mode": "managed",
      "type": "aws_kms_key",
      "name": "this",
      "provider": "provider[\"registry.terraform.io/hashicorp/aws\"]",
      "instances": [
        {
          "index_key": 0,
          "schema_version": 0,
          "attributes": {
            "arn": "arn:aws:kms:us-east-1:285654864320:key/4b14ed8c-9f44-4d60-9a15-d9693ddd5c00",
            "bypass_policy_lockout_safety_check": false,
            "custom_key_store_id": "",
            "customer_master_key_spec": "SYMMETRIC_DEFAULT",
            "deletion_window_in_days": 7,
            "description": "KMS key for EKS CloudWatch Logs encryption",
            "enable_key_rotation": true,
            "id": "4b14ed8c-9f44-4d60-9a15-d9693ddd5c00",
            "is_enabled": true,
            "key_id": "4b14ed8c-9f44-4d60-9a15-d9693ddd5c00",
            "key_usage": "ENCRYPT_DECRYPT",
            "multi_region": false,
            "policy": "{\"Statement\":[{\"Action\":\"kms:*\",\"Effect\":\"Allow\",\"Principal\":{\"AWS\":\"arn:aws:iam::285654864320:root\"},\"Resource\":\"*\",\"Sid\":\"Default\"}],\"Version\":\"2012-10-17\"}",
            "rotation_period_in_days": 365,
            "tags": {
              "Environment": "Academy",
              "ManagedBy": "Terraform",
              "Owner": "Student",
              "Project": "OrderFlow"
            },
            "tags_all": {
              "Environment": "Academy",
              "ManagedBy": "Terraform",
              "Owner": "Student",
              "Project": "OrderFlow"
            },
            "timeouts": null,
            "xks_key_id": ""
          },
          "sensitive_attributes": [],
          "identity_schema_version": 0,
          "private": "eyJlMmJmYjczMC1lY2FhLTExZTYtOGY4OC0zNDM2M2JjN2M0YzAiOnsiY3JlYXRlIjoxMjAwMDAwMDAwMDB9fQ==",
          "dependencies": [
            "module.cloudwatch_kms_key.data.aws_caller_identity.current",
            "module.cloudwatch_kms_key.data.aws_iam_policy_document.this",
            "module.cloudwatch_kms_key.data.aws_partition.current"
          ],
          "create_before_destroy": true
        }
      ]
    },
    {
      "module": "module.cloudwatch_kms_key",
      "mode": "managed",
      "type": "aws_kms_replica_external_key",
      "name": "this",
      "provider": "provider[\"registry.terraform.io/hashicorp/aws\"]",
      "instances": []
    },
    {
      "module": "module.cloudwatch_kms_key",
      "mode": "managed",
      "type": "aws_kms_replica_key",
      "name": "this",
      "provider": "provider[\"registry.terraform.io/hashicorp/aws\"]",
      "instances": []
    },
    {
      "module": "module.eks",
      "mode": "data",
      "type": "aws_caller_identity",
      "name": "current",
      "provider": "provider[\"registry.terraform.io/hashicorp/aws\"]",
      "instances": [
        {
          "schema_version": 0,
          "attributes": {
            "account_id": "285654864320",
            "arn": "arn:aws:sts::285654864320:assumed-role/voclabs/user924043=Tharlys_de_Souza_Dias",
            "id": "285654864320",
            "user_id": "AROAUFAS3KHAKKVL6CCJS:user924043=Tharlys_de_Souza_Dias"
          },
          "sensitive_attributes": [],
          "identity_schema_version": 0
        }
      ]
    },
    {
      "module": "module.eks",
      "mode": "data",
      "type": "aws_default_tags",
      "name": "current",
      "provider": "provider[\"registry.terraform.io/hashicorp/aws\"]",
      "instances": [
        {
          "schema_version": 0,
          "attributes": {
            "id": "aws",
            "tags": {
              "Environment": "Academy",
              "ManagedBy": "Terraform",
              "Owner": "Student",
              "Project": "OrderFlow"
            }
          },
          "sensitive_attributes": [],
          "identity_schema_version": 0
        }
      ]
    },
    {
      "module": "module.eks",
      "mode": "data",
      "type": "aws_iam_policy_document",
      "name": "assume_role_policy",
      "provider": "provider[\"registry.terraform.io/hashicorp/aws\"]",
      "instances": []
    },
    {
      "module": "module.eks",
      "mode": "data",
      "type": "aws_iam_policy_document",
      "name": "cni_ipv6_policy",
      "provider": "provider[\"registry.terraform.io/hashicorp/aws\"]",
      "instances": []
    },
    {
      "module": "module.eks",
      "mode": "data",
      "type": "aws_partition",
      "name": "current",
      "provider": "provider[\"registry.terraform.io/hashicorp/aws\"]",
      "instances": [
        {
          "schema_version": 0,
          "attributes": {
            "dns_suffix": "amazonaws.com",
            "id": "aws",
            "partition": "aws",
            "reverse_dns_prefix": "com.amazonaws"
          },
          "sensitive_attributes": [],
          "identity_schema_version": 0
        }
      ]
    },
    {
      "module": "module.eks",
      "mode": "managed",
      "type": "aws_iam_policy",
      "name": "cluster_encryption",
      "provider": "provider[\"registry.terraform.io/hashicorp/aws\"]",
      "instances": []
    },
    {
      "module": "module.eks",
      "mode": "managed",
      "type": "aws_iam_policy",
      "name": "cni_ipv6_policy",
      "provider": "provider[\"registry.terraform.io/hashicorp/aws\"]",
      "instances": []
    },
    {
      "module": "module.eks",
      "mode": "managed",
      "type": "aws_iam_role",
      "name": "this",
      "provider": "provider[\"registry.terraform.io/hashicorp/aws\"]",
      "instances": []
    },
    {
      "module": "module.eks",
      "mode": "managed",
      "type": "aws_iam_role_policy_attachment",
      "name": "cluster_encryption",
      "provider": "provider[\"registry.terraform.io/hashicorp/aws\"]",
      "instances": []
    },
    {
      "module": "module.eks",
      "mode": "managed",
      "type": "aws_iam_role_policy_attachment",
      "name": "this",
      "provider": "provider[\"registry.terraform.io/hashicorp/aws\"]",
      "instances": []
    },
    {
      "module": "module.eks",
      "mode": "managed",
      "type": "aws_security_group",
      "name": "cluster",
      "provider": "provider[\"registry.terraform.io/hashicorp/aws\"]",
      "instances": [
        {
          "index_key": 0,
          "schema_version": 1,
          "attributes": {
            "arn": "arn:aws:ec2:us-east-1:285654864320:security-group/sg-02188b19e88d4cde8",
            "description": "EKS cluster security group",
            "egress": [],
            "id": "sg-02188b19e88d4cde8",
            "ingress": [],
            "name": "orderflow-dev-cluster-20251005170955101200000001",
            "name_prefix": "orderflow-dev-cluster-",
            "owner_id": "285654864320",
            "revoke_rules_on_delete": false,
            "tags": {
              "Environment": "Academy",
              "ManagedBy": "Terraform",
              "Name": "orderflow-dev-cluster",
              "Owner": "Student",
              "Project": "OrderFlow"
            },
            "tags_all": {
              "Environment": "Academy",
              "ManagedBy": "Terraform",
              "Name": "orderflow-dev-cluster",
              "Owner": "Student",
              "Project": "OrderFlow"
            },
            "timeouts": null,
            "vpc_id": "vpc-078a7deaeae5f95da"
          },
          "sensitive_attributes": [],
          "identity_schema_version": 0,
          "private": "eyJlMmJmYjczMC1lY2FhLTExZTYtOGY4OC0zNDM2M2JjN2M0YzAiOnsiY3JlYXRlIjo2MDAwMDAwMDAwMDAsImRlbGV0ZSI6OTAwMDAwMDAwMDAwfSwic2NoZW1hX3ZlcnNpb24iOiIxIn0=",
          "dependencies": [
            "aws_vpc.main"
          ],
          "create_before_destroy": true
        }
      ]
    },
    {
      "module": "module.eks",
      "mode": "managed",
      "type": "aws_security_group",
      "name": "node",
      "provider": "provider[\"registry.terraform.io/hashicorp/aws\"]",
      "instances": [
        {
          "index_key": 0,
          "schema_version": 1,
          "attributes": {
            "arn": "arn:aws:ec2:us-east-1:285654864320:security-group/sg-080b741efc6542e50",
            "description": "EKS node shared security group",
            "egress": [],
            "id": "sg-080b741efc6542e50",
            "ingress": [],
            "name": "orderflow-dev-node-20251005170956389600000003",
            "name_prefix": "orderflow-dev-node-",
            "owner_id": "285654864320",
            "revoke_rules_on_delete": false,
            "tags": {
              "Environment": "Academy",
              "ManagedBy": "Terraform",
              "Name": "orderflow-dev-node",
              "Owner": "Student",
              "Project": "OrderFlow",
              "kubernetes.io/cluster/orderflow-dev": "owned"
            },
            "tags_all": {
              "Environment": "Academy",
              "ManagedBy": "Terraform",
              "Name": "orderflow-dev-node",
              "Owner": "Student",
              "Project": "OrderFlow",
              "kubernetes.io/cluster/orderflow-dev": "owned"
            },
            "timeouts": null,
            "vpc_id": "vpc-078a7deaeae5f95da"
          },
          "sensitive_attributes": [],
          "identity_schema_version": 0,
          "private": "eyJlMmJmYjczMC1lY2FhLTExZTYtOGY4OC0zNDM2M2JjN2M0YzAiOnsiY3JlYXRlIjo2MDAwMDAwMDAwMDAsImRlbGV0ZSI6OTAwMDAwMDAwMDAwfSwic2NoZW1hX3ZlcnNpb24iOiIxIn0=",
          "dependencies": [
            "aws_vpc.main"
          ],
          "create_before_destroy": true
        }
      ]
    },
    {
      "module": "module.eks",
      "mode": "managed",
      "type": "aws_security_group_rule",
      "name": "cluster",
      "provider": "provider[\"registry.terraform.io/hashicorp/aws\"]",
      "instances": [
        {
          "index_key": "egress_nodes_443",
          "schema_version": 2,
          "attributes": {
            "cidr_blocks": null,
            "description": "Cluster API to node groups",
            "from_port": 443,
            "id": "sgrule-205762311",
            "ipv6_cidr_blocks": null,
            "prefix_list_ids": [],
            "protocol": "tcp",
            "security_group_id": "sg-02188b19e88d4cde8",
            "security_group_rule_id": "sgr-041ffcc96ed1e604e",
            "self": false,
            "source_security_group_id": "sg-080b741efc6542e50",
            "timeouts": null,
            "to_port": 443,
            "type": "egress"
          },
          "sensitive_attributes": [],
          "identity_schema_version": 0,
          "private": "eyJlMmJmYjczMC1lY2FhLTExZTYtOGY4OC0zNDM2M2JjN2M0YzAiOnsiY3JlYXRlIjozMDAwMDAwMDAwMDB9LCJzY2hlbWFfdmVyc2lvbiI6IjIifQ==",
          "dependencies": [
            "aws_vpc.main",
            "module.eks.aws_security_group.cluster",
            "module.eks.aws_security_group.node"
          ],
          "create_before_destroy": true
        },
        {
          "index_key": "egress_nodes_ephemeral_ports_tcp",
          "schema_version": 2,
          "attributes": {
            "cidr_blocks": null,
            "description": "To node 1025-65535",
            "from_port": 1025,
            "id": "sgrule-929567605",
            "ipv6_cidr_blocks": null,
            "prefix_list_ids": [],
            "protocol": "tcp",
            "security_group_id": "sg-02188b19e88d4cde8",
            "security_group_rule_id": "sgr-04e6017add05c8e1f",
            "self": false,
            "source_security_group_id": "sg-080b741efc6542e50",
            "timeouts": null,
            "to_port": 65535,
            "type": "egress"
          },
          "sensitive_attributes": [],
          "identity_schema_version": 0,
          "private": "eyJlMmJmYjczMC1lY2FhLTExZTYtOGY4OC0zNDM2M2JjN2M0YzAiOnsiY3JlYXRlIjozMDAwMDAwMDAwMDB9LCJzY2hlbWFfdmVyc2lvbiI6IjIifQ==",
          "dependencies": [
            "aws_vpc.main",
            "module.eks.aws_security_group.cluster",
            "module.eks.aws_security_group.node"
          ],
          "create_before_destroy": true
        },
        {
          "index_key": "egress_nodes_kubelet",
          "schema_version": 2,
          "attributes": {
            "cidr_blocks": null,
            "description": "Cluster API to node kubelets",
            "from_port": 10250,
            "id": "sgrule-2770863573",
            "ipv6_cidr_blocks": null,
            "prefix_list_ids": [],
            "protocol": "tcp",
            "security_group_id": "sg-02188b19e88d4cde8",
            "security_group_rule_id": "sgr-0bd01476793066051",
            "self": false,
            "source_security_group_id": "sg-080b741efc6542e50",
            "timeouts": null,
            "to_port": 10250,
            "type": "egress"
          },
          "sensitive_attributes": [],
          "identity_schema_version": 0,
          "private": "eyJlMmJmYjczMC1lY2FhLTExZTYtOGY4OC0zNDM2M2JjN2M0YzAiOnsiY3JlYXRlIjozMDAwMDAwMDAwMDB9LCJzY2hlbWFfdmVyc2lvbiI6IjIifQ==",
          "dependencies": [
            "aws_vpc.main",
            "module.eks.aws_security_group.cluster",
            "module.eks.aws_security_group.node"
          ],
          "create_before_destroy": true
        },
        {
          "index_key": "ingress_nodes_443",
          "schema_version": 2,
          "attributes": {
            "cidr_blocks": null,
            "description": "Node groups to cluster API",
            "from_port": 443,
            "id": "sgrule-3881611913",
            "ipv6_cidr_blocks": null,
            "prefix_list_ids": [],
            "protocol": "tcp",
            "security_group_id": "sg-02188b19e88d4cde8",
            "security_group_rule_id": "sgr-02295d4c30d94f064",
            "self": false,
            "source_security_group_id": "sg-080b741efc6542e50",
            "timeouts": null,
            "to_port": 443,
            "type": "ingress"
          },
          "sensitive_attributes": [],
          "identity_schema_version": 0,
          "private": "eyJlMmJmYjczMC1lY2FhLTExZTYtOGY4OC0zNDM2M2JjN2M0YzAiOnsiY3JlYXRlIjozMDAwMDAwMDAwMDB9LCJzY2hlbWFfdmVyc2lvbiI6IjIifQ==",
          "dependencies": [
            "aws_vpc.main",
            "module.eks.aws_security_group.cluster",
            "module.eks.aws_security_group.node"
          ],
          "create_before_destroy": true
        }
      ]
    },
    {
      "module": "module.eks",
      "mode": "managed",
      "type": "aws_security_group_rule",
      "name": "node",
      "provider": "provider[\"registry.terraform.io/hashicorp/aws\"]",
      "instances": [
        {
          "index_key": "egress_all",
          "schema_version": 2,
          "attributes": {
            "cidr_blocks": [
              "0.0.0.0/0"
            ],
            "description": "Node all egress",
            "from_port": 0,
            "id": "sgrule-728396867",
            "ipv6_cidr_blocks": [
              "::/0"
            ],
            "prefix_list_ids": [],
            "protocol": "-1",
            "security_group_id": "sg-080b741efc6542e50",
            "security_group_rule_id": "",
            "self": false,
            "source_security_group_id": null,
            "timeouts": null,
            "to_port": 0,
            "type": "egress"
          },
          "sensitive_attributes": [],
          "identity_schema_version": 0,
          "private": "eyJlMmJmYjczMC1lY2FhLTExZTYtOGY4OC0zNDM2M2JjN2M0YzAiOnsiY3JlYXRlIjozMDAwMDAwMDAwMDB9LCJzY2hlbWFfdmVyc2lvbiI6IjIifQ==",
          "dependencies": [
            "aws_vpc.main",
            "module.eks.aws_security_group.cluster",
            "module.eks.aws_security_group.node"
          ],
          "create_before_destroy": true
        },
        {
          "index_key": "egress_cluster_443",
          "schema_version": 2,
          "attributes": {
            "cidr_blocks": null,
            "description": "Node groups to cluster API",
            "from_port": 443,
            "id": "sgrule-1566529499",
            "ipv6_cidr_blocks": null,
            "prefix_list_ids": [],
            "protocol": "tcp",
            "security_group_id": "sg-080b741efc6542e50",
            "security_group_rule_id": "sgr-0e490bdd05ddd4b98",
            "self": false,
            "source_security_group_id": "sg-02188b19e88d4cde8",
            "timeouts": null,
            "to_port": 443,
            "type": "egress"
          },
          "sensitive_attributes": [],
          "identity_schema_version": 0,
          "private": "eyJlMmJmYjczMC1lY2FhLTExZTYtOGY4OC0zNDM2M2JjN2M0YzAiOnsiY3JlYXRlIjozMDAwMDAwMDAwMDB9LCJzY2hlbWFfdmVyc2lvbiI6IjIifQ==",
          "dependencies": [
            "aws_vpc.main",
            "module.eks.aws_security_group.cluster",
            "module.eks.aws_security_group.node"
          ],
          "create_before_destroy": true
        },
        {
          "index_key": "egress_https",
          "schema_version": 2,
          "attributes": {
            "cidr_blocks": [
              "0.0.0.0/0"
            ],
            "description": "Egress all HTTPS to internet",
            "from_port": 443,
            "id": "sgrule-2707688583",
            "ipv6_cidr_blocks": null,
            "prefix_list_ids": [],
            "protocol": "tcp",
            "security_group_id": "sg-080b741efc6542e50",
            "security_group_rule_id": "sgr-0b2171e1f2e8718db",
            "self": false,
            "source_security_group_id": null,
            "timeouts": null,
            "to_port": 443,
            "type": "egress"
          },
          "sensitive_attributes": [],
          "identity_schema_version": 0,
          "private": "eyJlMmJmYjczMC1lY2FhLTExZTYtOGY4OC0zNDM2M2JjN2M0YzAiOnsiY3JlYXRlIjozMDAwMDAwMDAwMDB9LCJzY2hlbWFfdmVyc2lvbiI6IjIifQ==",
          "dependencies": [
            "aws_vpc.main",
            "module.eks.aws_security_group.cluster",
            "module.eks.aws_security_group.node"
          ],
          "create_before_destroy": true
        },
        {
          "index_key": "egress_ntp_tcp",
          "schema_version": 2,
          "attributes": {
            "cidr_blocks": [
              "0.0.0.0/0"
            ],
            "description": "Egress NTP/TCP to internet",
            "from_port": 123,
            "id": "sgrule-2126131609",
            "ipv6_cidr_blocks": null,
            "prefix_list_ids": [],
            "protocol": "tcp",
            "security_group_id": "sg-080b741efc6542e50",
            "security_group_rule_id": "sgr-0c66bf02646b48d42",
            "self": false,
            "source_security_group_id": null,
            "timeouts": null,
            "to_port": 123,
            "type": "egress"
          },
          "sensitive_attributes": [],
          "identity_schema_version": 0,
          "private": "eyJlMmJmYjczMC1lY2FhLTExZTYtOGY4OC0zNDM2M2JjN2M0YzAiOnsiY3JlYXRlIjozMDAwMDAwMDAwMDB9LCJzY2hlbWFfdmVyc2lvbiI6IjIifQ==",
          "dependencies": [
            "aws_vpc.main",
            "module.eks.aws_security_group.cluster",
            "module.eks.aws_security_group.node"
          ],
          "create_before_destroy": true
        },
        {
          "index_key": "egress_ntp_udp",
          "schema_version": 2,
          "attributes": {
            "cidr_blocks": [
              "0.0.0.0/0"
            ],
            "description": "Egress NTP/UDP to internet",
            "from_port": 123,
            "id": "sgrule-2364564",
            "ipv6_cidr_blocks": null,
            "prefix_list_ids": [],
            "protocol": "udp",
            "security_group_id": "sg-080b741efc6542e50",
            "security_group_rule_id": "sgr-0cdf66a7c0c4f2241",
            "self": false,
            "source_security_group_id": null,
            "timeouts": null,
            "to_port": 123,
            "type": "egress"
          },
          "sensitive_attributes": [],
          "identity_schema_version": 0,
          "private": "eyJlMmJmYjczMC1lY2FhLTExZTYtOGY4OC0zNDM2M2JjN2M0YzAiOnsiY3JlYXRlIjozMDAwMDAwMDAwMDB9LCJzY2hlbWFfdmVyc2lvbiI6IjIifQ==",
          "dependencies": [
            "aws_vpc.main",
            "module.eks.aws_security_group.cluster",
            "module.eks.aws_security_group.node"
          ],
          "create_before_destroy": true
        },
        {
          "index_key": "egress_self_coredns_tcp",
          "schema_version": 2,
          "attributes": {
            "cidr_blocks": null,
            "description": "Node to node CoreDNS",
            "from_port": 53,
            "id": "sgrule-3950237390",
            "ipv6_cidr_blocks": null,
            "prefix_list_ids": [],
            "protocol": "tcp",
            "security_group_id": "sg-080b741efc6542e50",
            "security_group_rule_id": "sgr-0f67fb1bb0bb1d4bf",
            "self": true,
            "source_security_group_id": null,
            "timeouts": null,
            "to_port": 53,
            "type": "egress"
          },
          "sensitive_attributes": [],
          "identity_schema_version": 0,
          "private": "eyJlMmJmYjczMC1lY2FhLTExZTYtOGY4OC0zNDM2M2JjN2M0YzAiOnsiY3JlYXRlIjozMDAwMDAwMDAwMDB9LCJzY2hlbWFfdmVyc2lvbiI6IjIifQ==",
          "dependencies": [
            "aws_vpc.main",
            "module.eks.aws_security_group.cluster",
            "module.eks.aws_security_group.node"
          ],
          "create_before_destroy": true
        },
        {
          "index_key": "egress_self_coredns_udp",
          "schema_version": 2,
          "attributes": {
            "cidr_blocks": null,
            "description": "Node to node CoreDNS",
            "from_port": 53,
            "id": "sgrule-1695831208",
            "ipv6_cidr_blocks": null,
            "prefix_list_ids": [],
            "protocol": "udp",
            "security_group_id": "sg-080b741efc6542e50",
            "security_group_rule_id": "sgr-03cd46bf42f2f4e2c",
            "self": true,
            "source_security_group_id": null,
            "timeouts": null,
            "to_port": 53,
            "type": "egress"
          },
          "sensitive_attributes": [],
          "identity_schema_version": 0,
          "private": "eyJlMmJmYjczMC1lY2FhLTExZTYtOGY4OC0zNDM2M2JjN2M0YzAiOnsiY3JlYXRlIjozMDAwMDAwMDAwMDB9LCJzY2hlbWFfdmVyc2lvbiI6IjIifQ==",
          "dependencies": [
            "aws_vpc.main",
            "module.eks.aws_security_group.cluster",
            "module.eks.aws_security_group.node"
          ],
          "create_before_destroy": true
        },
        {
          "index_key": "ingress_cluster_443",
          "schema_version": 2,
          "attributes": {
            "cidr_blocks": null,
            "description": "Cluster API to node groups",
            "from_port": 443,
            "id": "sgrule-2048453404",
            "ipv6_cidr_blocks": null,
            "prefix_list_ids": [],
            "protocol": "tcp",
            "security_group_id": "sg-080b741efc6542e50",
            "security_group_rule_id": "sgr-0801db3120dd82887",
            "self": false,
            "source_security_group_id": "sg-02188b19e88d4cde8",
            "timeouts": null,
            "to_port": 443,
            "type": "ingress"
          },
          "sensitive_attributes": [],
          "identity_schema_version": 0,
          "private": "eyJlMmJmYjczMC1lY2FhLTExZTYtOGY4OC0zNDM2M2JjN2M0YzAiOnsiY3JlYXRlIjozMDAwMDAwMDAwMDB9LCJzY2hlbWFfdmVyc2lvbiI6IjIifQ==",
          "dependencies": [
            "aws_vpc.main",
            "module.eks.aws_security_group.cluster",
            "module.eks.aws_security_group.node"
          ],
          "create_before_destroy": true
        },
        {
          "index_key": "ingress_cluster_kubelet",
          "schema_version": 2,
          "attributes": {
            "cidr_blocks": null,
            "description": "Cluster API to node kubelets",
            "from_port": 10250,
            "id": "sgrule-3996885627",
            "ipv6_cidr_blocks": null,
            "prefix_list_ids": [],
            "protocol": "tcp",
            "security_group_id": "sg-080b741efc6542e50",
            "security_group_rule_id": "sgr-06124000d6bf6d236",
            "self": false,
            "source_security_group_id": "sg-02188b19e88d4cde8",
            "timeouts": null,
            "to_port": 10250,
            "type": "ingress"
          },
          "sensitive_attributes": [],
          "identity_schema_version": 0,
          "private": "eyJlMmJmYjczMC1lY2FhLTExZTYtOGY4OC0zNDM2M2JjN2M0YzAiOnsiY3JlYXRlIjozMDAwMDAwMDAwMDB9LCJzY2hlbWFfdmVyc2lvbiI6IjIifQ==",
          "dependencies": [
            "aws_vpc.main",
            "module.eks.aws_security_group.cluster",
            "module.eks.aws_security_group.node"
          ],
          "create_before_destroy": true
        },
        {
          "index_key": "ingress_self_all",
          "schema_version": 2,
          "attributes": {
            "cidr_blocks": null,
            "description": "Node to node all ports/protocols",
            "from_port": 0,
            "id": "sgrule-2929583601",
            "ipv6_cidr_blocks": null,
            "prefix_list_ids": [],
            "protocol": "-1",
            "security_group_id": "sg-080b741efc6542e50",
            "security_group_rule_id": "sgr-0c8061ca83c45342b",
            "self": true,
            "source_security_group_id": null,
            "timeouts": null,
            "to_port": 0,
            "type": "ingress"
          },
          "sensitive_attributes": [],
          "identity_schema_version": 0,
          "private": "eyJlMmJmYjczMC1lY2FhLTExZTYtOGY4OC0zNDM2M2JjN2M0YzAiOnsiY3JlYXRlIjozMDAwMDAwMDAwMDB9LCJzY2hlbWFfdmVyc2lvbiI6IjIifQ==",
          "dependencies": [
            "aws_vpc.main",
            "module.eks.aws_security_group.cluster",
            "module.eks.aws_security_group.node"
          ],
          "create_before_destroy": true
        },
        {
          "index_key": "ingress_self_coredns_tcp",
          "schema_version": 2,
          "attributes": {
            "cidr_blocks": null,
            "description": "Node to node CoreDNS",
            "from_port": 53,
            "id": "sgrule-84146404",
            "ipv6_cidr_blocks": null,
            "prefix_list_ids": [],
            "protocol": "tcp",
            "security_group_id": "sg-080b741efc6542e50",
            "security_group_rule_id": "sgr-0e95a99f76d72b23f",
            "self": true,
            "source_security_group_id": null,
            "timeouts": null,
            "to_port": 53,
            "type": "ingress"
          },
          "sensitive_attributes": [],
          "identity_schema_version": 0,
          "private": "eyJlMmJmYjczMC1lY2FhLTExZTYtOGY4OC0zNDM2M2JjN2M0YzAiOnsiY3JlYXRlIjozMDAwMDAwMDAwMDB9LCJzY2hlbWFfdmVyc2lvbiI6IjIifQ==",
          "dependencies": [
            "aws_vpc.main",
            "module.eks.aws_security_group.cluster",
            "module.eks.aws_security_group.node"
          ],
          "create_before_destroy": true
        },
        {
          "index_key": "ingress_self_coredns_udp",
          "schema_version": 2,
          "attributes": {
            "cidr_blocks": null,
            "description": "Node to node CoreDNS",
            "from_port": 53,
            "id": "sgrule-2707184395",
            "ipv6_cidr_blocks": null,
            "prefix_list_ids": [],
            "protocol": "udp",
            "security_group_id": "sg-080b741efc6542e50",
            "security_group_rule_id": "sgr-02e8c1246c23698a1",
            "self": true,
            "source_security_group_id": null,
            "timeouts": null,
            "to_port": 53,
            "type": "ingress"
          },
          "sensitive_attributes": [],
          "identity_schema_version": 0,
          "private": "eyJlMmJmYjczMC1lY2FhLTExZTYtOGY4OC0zNDM2M2JjN2M0YzAiOnsiY3JlYXRlIjozMDAwMDAwMDAwMDB9LCJzY2hlbWFfdmVyc2lvbiI6IjIifQ==",
          "dependencies": [
            "aws_vpc.main",
            "module.eks.aws_security_group.cluster",
            "module.eks.aws_security_group.node"
          ],
          "create_before_destroy": true
        }
      ]
    },
    {
      "module": "module.eks.module.eks_managed_node_group[\"main\"]",
      "mode": "data",
      "type": "aws_caller_identity",
      "name": "current",
      "provider": "provider[\"registry.terraform.io/hashicorp/aws\"]",
      "instances": [
        {
          "schema_version": 0,
          "attributes": {
            "account_id": "285654864320",
            "arn": "arn:aws:sts::285654864320:assumed-role/voclabs/user924043=Tharlys_de_Souza_Dias",
            "id": "285654864320",
            "user_id": "AROAUFAS3KHAKKVL6CCJS:user924043=Tharlys_de_Souza_Dias"
          },
          "sensitive_attributes": [],
          "identity_schema_version": 0
        }
      ]
    },
    {
      "module": "module.eks.module.eks_managed_node_group[\"main\"]",
      "mode": "data",
      "type": "aws_iam_policy_document",
      "name": "assume_role_policy",
      "provider": "provider[\"registry.terraform.io/hashicorp/aws\"]",
      "instances": []
    },
    {
      "module": "module.eks.module.eks_managed_node_group[\"main\"]",
      "mode": "data",
      "type": "aws_partition",
      "name": "current",
      "provider": "provider[\"registry.terraform.io/hashicorp/aws\"]",
      "instances": [
        {
          "schema_version": 0,
          "attributes": {
            "dns_suffix": "amazonaws.com",
            "id": "aws",
            "partition": "aws",
            "reverse_dns_prefix": "com.amazonaws"
          },
          "sensitive_attributes": [],
          "identity_schema_version": 0
        }
      ]
    },
    {
      "module": "module.eks.module.eks_managed_node_group[\"main\"]",
      "mode": "managed",
      "type": "aws_iam_role",
      "name": "this",
      "provider": "provider[\"registry.terraform.io/hashicorp/aws\"]",
      "instances": []
    },
    {
      "module": "module.eks.module.eks_managed_node_group[\"main\"]",
      "mode": "managed",
      "type": "aws_iam_role_policy_attachment",
      "name": "this",
      "provider": "provider[\"registry.terraform.io/hashicorp/aws\"]",
      "instances": []
    },
    {
      "module": "module.eks.module.eks_managed_node_group[\"main\"]",
      "mode": "managed",
      "type": "aws_security_group",
      "name": "this",
      "provider": "provider[\"registry.terraform.io/hashicorp/aws\"]",
      "instances": [
        {
          "index_key": 0,
          "schema_version": 1,
          "attributes": {
            "arn": "arn:aws:ec2:us-east-1:285654864320:security-group/sg-06d72c4ec0b22b89c",
            "description": "EKS managed node group security group",
            "egress": [],
            "id": "sg-06d72c4ec0b22b89c",
            "ingress": [],
            "name": "orderflow-node-group-eks-node-group-20251005170956427500000004",
            "name_prefix": "orderflow-node-group-eks-node-group-",
            "owner_id": "285654864320",
            "revoke_rules_on_delete": false,
            "tags": {
              "Environment": "Academy",
              "ManagedBy": "Terraform",
              "Name": "orderflow-node-group-eks-node-group",
              "Owner": "Student",
              "Project": "OrderFlow",
              "k8s.io/cluster-autoscaler/enabled": "true",
              "k8s.io/cluster-autoscaler/orderflow-dev": "owned"
            },
            "tags_all": {
              "Environment": "Academy",
              "ManagedBy": "Terraform",
              "Name": "orderflow-node-group-eks-node-group",
              "Owner": "Student",
              "Project": "OrderFlow",
              "k8s.io/cluster-autoscaler/enabled": "true",
              "k8s.io/cluster-autoscaler/orderflow-dev": "owned"
            },
            "timeouts": null,
            "vpc_id": "vpc-078a7deaeae5f95da"
          },
          "sensitive_attributes": [],
          "identity_schema_version": 0,
          "private": "eyJlMmJmYjczMC1lY2FhLTExZTYtOGY4OC0zNDM2M2JjN2M0YzAiOnsiY3JlYXRlIjo2MDAwMDAwMDAwMDAsImRlbGV0ZSI6OTAwMDAwMDAwMDAwfSwic2NoZW1hX3ZlcnNpb24iOiIxIn0=",
          "dependencies": [
            "aws_vpc.main",
            "data.aws_iam_role.node_group"
          ],
          "create_before_destroy": true
        }
      ]
    },
    {
      "module": "module.eks.module.eks_managed_node_group[\"main\"]",
      "mode": "managed",
      "type": "aws_security_group_rule",
      "name": "this",
      "provider": "provider[\"registry.terraform.io/hashicorp/aws\"]",
      "instances": []
    },
    {
      "module": "module.eks.module.eks_managed_node_group[\"main\"].module.user_data",
      "mode": "data",
      "type": "cloudinit_config",
      "name": "linux_eks_managed_node_group",
      "provider": "provider[\"registry.terraform.io/hashicorp/cloudinit\"]",
      "instances": []
    },
    {
      "module": "module.eks.module.kms",
      "mode": "data",
      "type": "aws_caller_identity",
      "name": "current",
      "provider": "provider[\"registry.terraform.io/hashicorp/aws\"]",
      "instances": [
        {
          "schema_version": 0,
          "attributes": {
            "account_id": "285654864320",
            "arn": "arn:aws:sts::285654864320:assumed-role/voclabs/user924043=Tharlys_de_Souza_Dias",
            "id": "285654864320",
            "user_id": "AROAUFAS3KHAKKVL6CCJS:user924043=Tharlys_de_Souza_Dias"
          },
          "sensitive_attributes": [],
          "identity_schema_version": 0
        }
      ]
    },
    {
      "module": "module.eks.module.kms",
      "mode": "data",
      "type": "aws_iam_policy_document",
      "name": "this",
      "provider": "provider[\"registry.terraform.io/hashicorp/aws\"]",
      "instances": []
    },
    {
      "module": "module.eks.module.kms",
      "mode": "data",
      "type": "aws_partition",
      "name": "current",
      "provider": "provider[\"registry.terraform.io/hashicorp/aws\"]",
      "instances": [
        {
          "schema_version": 0,
          "attributes": {
            "dns_suffix": "amazonaws.com",
            "id": "aws",
            "partition": "aws",
            "reverse_dns_prefix": "com.amazonaws"
          },
          "sensitive_attributes": [],
          "identity_schema_version": 0
        }
      ]
    },
    {
      "module": "module.eks.module.kms",
      "mode": "managed",
      "type": "aws_kms_alias",
      "name": "this",
      "provider": "provider[\"registry.terraform.io/hashicorp/aws\"]",
      "instances": []
    },
    {
      "module": "module.eks.module.kms",
      "mode": "managed",
      "type": "aws_kms_external_key",
      "name": "this",
      "provider": "provider[\"registry.terraform.io/hashicorp/aws\"]",
      "instances": []
    },
    {
      "module": "module.eks.module.kms",
      "mode": "managed",
      "type": "aws_kms_grant",
      "name": "this",
      "provider": "provider[\"registry.terraform.io/hashicorp/aws\"]",
      "instances": []
    },
    {
      "module": "module.eks.module.kms",
      "mode": "managed",
      "type": "aws_kms_key",
      "name": "this",
      "provider": "provider[\"registry.terraform.io/hashicorp/aws\"]",
      "instances": []
    }
  ],
  "check_results": null
}
